
Microsoft Visual Studio Solution File, Format Version 12.00
# Visual Studio Version 16
VisualStudioVersion = 16.0.28917.181
MinimumVisualStudioVersion = 10.0.40219.1
Project("{2150E333-8FDC-42A3-9474-1A3956D46DE8}") = "src", "src", "{8F5D93ED-E3F1-4C68-8B8C-61720BA4A474}"
EndProject
Project("{2150E333-8FDC-42A3-9474-1A3956D46DE8}") = "Services", "Services", "{71CAE9EB-0F48-453B-AFA9-B8F0DA48F221}"
EndProject
Project("{2150E333-8FDC-42A3-9474-1A3956D46DE8}") = "Tests", "Tests", "{5BCC5046-D19E-4DA3-98B0-6224F9AFDFFD}"
EndProject
Project("{2150E333-8FDC-42A3-9474-1A3956D46DE8}") = "BuildingBlocks", "BuildingBlocks", "{A56DFEA2-D00C-4AAC-875F-E6C307FE7B6D}"
EndProject
Project("{2150E333-8FDC-42A3-9474-1A3956D46DE8}") = "Cp", "Cp", "{BC496984-089D-46CA-9EEE-75B881AB3354}"
EndProject
Project("{2150E333-8FDC-42A3-9474-1A3956D46DE8}") = "Category", "Category", "{63FB1045-FD24-4BB0-BA78-4465821390F3}"
EndProject
Project("{2150E333-8FDC-42A3-9474-1A3956D46DE8}") = "Chat", "Chat", "{E030C342-0CF7-41C8-A2F3-E5FE38B1170D}"
EndProject
Project("{2150E333-8FDC-42A3-9474-1A3956D46DE8}") = "Duel", "Duel", "{E4F7416D-97AE-4A2B-9AE7-C10BD90409ED}"
EndProject
Project("{2150E333-8FDC-42A3-9474-1A3956D46DE8}") = "Follow", "Follow", "{32AB71B7-9618-4BA7-9669-EC5F4E35B1FF}"
EndProject
Project("{2150E333-8FDC-42A3-9474-1A3956D46DE8}") = "Identity", "Identity", "{32C11EF4-E73F-4493-A951-56B439C46D2D}"
EndProject
Project("{2150E333-8FDC-42A3-9474-1A3956D46DE8}") = "Mission", "Mission", "{06B38CD3-2828-4DA4-82FC-E99520DDFB8E}"
EndProject
Project("{2150E333-8FDC-42A3-9474-1A3956D46DE8}") = "Notification", "Notification", "{7CEDC3B9-C4C0-415A-9AB7-7F19C6A2331F}"
EndProject
Project("{2150E333-8FDC-42A3-9474-1A3956D46DE8}") = "Post", "Post", "{7138B7A6-D2D3-4F19-9634-BEA4159AAC83}"
EndProject
Project("{2150E333-8FDC-42A3-9474-1A3956D46DE8}") = "Question", "Question", "{975D6BFB-9EE3-4549-AB66-91DA54142C87}"
EndProject
Project("{2150E333-8FDC-42A3-9474-1A3956D46DE8}") = "Core", "Core", "{A62D24FD-9E5D-4558-837C-EDA6F850D4C1}"
EndProject
Project("{9A19103F-16F7-4668-BE54-9A1E7A4F7556}") = "ContestPark.Core", "src\BuildingBlocks\Core\ContestPark.Core\ContestPark.Core.csproj", "{CB9D8158-E76A-43D2-81C6-FFE7788F94E5}"
EndProject
Project("{9A19103F-16F7-4668-BE54-9A1E7A4F7556}") = "ContestPark.Identity.API", "src\Services\Identity\ContestPark.Identity.API\ContestPark.Identity.API.csproj", "{ED20264A-9F06-40CC-BFC5-0A335D670DAD}"
EndProject
Project("{E53339B2-1760-4266-BCC7-CA923CBCF16C}") = "docker-compose", "docker-compose.dcproj", "{9DFB67FA-4D9E-4AC9-80B8-A43FC26E5934}"
EndProject
Project("{2150E333-8FDC-42A3-9474-1A3956D46DE8}") = "Mobile Apps", "Mobile Apps", "{55E1EE04-5DF9-443C-9E57-7266D9AF83CB}"
EndProject
Project("{2150E333-8FDC-42A3-9474-1A3956D46DE8}") = "Shared Code", "Shared Code", "{D103B227-367B-405A-A606-444E8869E77C}"
EndProject
Project("{2150E333-8FDC-42A3-9474-1A3956D46DE8}") = "Targets", "Targets", "{6D2AE176-135A-4EE4-9DFA-52A395766176}"
EndProject
Project("{9A19103F-16F7-4668-BE54-9A1E7A4F7556}") = "ContestPark.Mobile", "src\Mobile Apps\ContestPark.Mobile\ContestPark.Mobile\ContestPark.Mobile.csproj", "{32BAAC00-8285-414A-9A55-1396A9C0AD8D}"
EndProject
Project("{FAE04EC0-301F-11D3-BF4B-00C04F79EFBC}") = "ContestPark.Mobile.Android", "src\Mobile Apps\ContestPark.Mobile\ContestPark.Mobile.Android\ContestPark.Mobile.Android.csproj", "{3582E496-63BA-451B-BB06-D0369FAC17F1}"
EndProject
Project("{FAE04EC0-301F-11D3-BF4B-00C04F79EFBC}") = "ContestPark.Mobile.iOS", "src\Mobile Apps\ContestPark.Mobile\ContestPark.Mobile.iOS\ContestPark.Mobile.iOS.csproj", "{5C9F264C-2300-49CB-AD07-4E29F1B3373F}"
EndProject
Project("{2150E333-8FDC-42A3-9474-1A3956D46DE8}") = "EventBus", "EventBus", "{76792DE8-9FF3-479E-A5BB-80198F601A92}"
EndProject
Project("{9A19103F-16F7-4668-BE54-9A1E7A4F7556}") = "ContestPark.EventBus", "src\BuildingBlocks\EventBus\ContestPark.EventBus\ContestPark.EventBus.csproj", "{5005613D-80A7-4F6D-B69E-D787026F5E12}"
EndProject
Project("{9A19103F-16F7-4668-BE54-9A1E7A4F7556}") = "ContestPark.EventBus.RabbitMQ", "src\BuildingBlocks\EventBus\ContestPark.EventBus.RabbitMQ\ContestPark.EventBus.RabbitMQ.csproj", "{A18813B8-BCCC-48F4-B4F6-E302B5A0B5EC}"
EndProject
Project("{9A19103F-16F7-4668-BE54-9A1E7A4F7556}") = "ContestPark.EventBus.IntegrationEventLogEF", "src\BuildingBlocks\EventBus\ContestPark.EventBus.IntegrationEventLogEF\ContestPark.EventBus.IntegrationEventLogEF.csproj", "{10661133-009F-4489-A592-A8A1CD058661}"
EndProject
Project("{9A19103F-16F7-4668-BE54-9A1E7A4F7556}") = "ContestPark.Category.API", "src\Services\Category\ContestPark.Category.API\ContestPark.Category.API.csproj", "{94D0E5A6-46E5-40F0-B76E-253E83AB3994}"
EndProject
Project("{FAE04EC0-301F-11D3-BF4B-00C04F79EFBC}") = "ContestPark.Core.CosmosDb", "src\BuildingBlocks\Core\ContestPark.Core.CosmosDb\ContestPark.Core.CosmosDb.csproj", "{9A0F310F-CDB6-4E20-ADFC-CF5FF498E865}"
EndProject
Global
	GlobalSection(SolutionConfigurationPlatforms) = preSolution
		Ad-Hoc|Any CPU = Ad-Hoc|Any CPU
		Ad-Hoc|iPhone = Ad-Hoc|iPhone
		Ad-Hoc|iPhoneSimulator = Ad-Hoc|iPhoneSimulator
		AppStore|Any CPU = AppStore|Any CPU
		AppStore|iPhone = AppStore|iPhone
		AppStore|iPhoneSimulator = AppStore|iPhoneSimulator
		Debug|Any CPU = Debug|Any CPU
		Debug|iPhone = Debug|iPhone
		Debug|iPhoneSimulator = Debug|iPhoneSimulator
		Release|Any CPU = Release|Any CPU
		Release|iPhone = Release|iPhone
		Release|iPhoneSimulator = Release|iPhoneSimulator
	EndGlobalSection
	GlobalSection(ProjectConfigurationPlatforms) = postSolution
		{CB9D8158-E76A-43D2-81C6-FFE7788F94E5}.Ad-Hoc|Any CPU.ActiveCfg = Release|Any CPU
		{CB9D8158-E76A-43D2-81C6-FFE7788F94E5}.Ad-Hoc|Any CPU.Build.0 = Release|Any CPU
		{CB9D8158-E76A-43D2-81C6-FFE7788F94E5}.Ad-Hoc|iPhone.ActiveCfg = Release|Any CPU
		{CB9D8158-E76A-43D2-81C6-FFE7788F94E5}.Ad-Hoc|iPhone.Build.0 = Release|Any CPU
		{CB9D8158-E76A-43D2-81C6-FFE7788F94E5}.Ad-Hoc|iPhoneSimulator.ActiveCfg = Release|Any CPU
		{CB9D8158-E76A-43D2-81C6-FFE7788F94E5}.Ad-Hoc|iPhoneSimulator.Build.0 = Release|Any CPU
		{CB9D8158-E76A-43D2-81C6-FFE7788F94E5}.AppStore|Any CPU.ActiveCfg = Release|Any CPU
		{CB9D8158-E76A-43D2-81C6-FFE7788F94E5}.AppStore|Any CPU.Build.0 = Release|Any CPU
		{CB9D8158-E76A-43D2-81C6-FFE7788F94E5}.AppStore|iPhone.ActiveCfg = Release|Any CPU
		{CB9D8158-E76A-43D2-81C6-FFE7788F94E5}.AppStore|iPhone.Build.0 = Release|Any CPU
		{CB9D8158-E76A-43D2-81C6-FFE7788F94E5}.AppStore|iPhoneSimulator.ActiveCfg = Release|Any CPU
		{CB9D8158-E76A-43D2-81C6-FFE7788F94E5}.AppStore|iPhoneSimulator.Build.0 = Release|Any CPU
		{CB9D8158-E76A-43D2-81C6-FFE7788F94E5}.Debug|Any CPU.ActiveCfg = Debug|Any CPU
		{CB9D8158-E76A-43D2-81C6-FFE7788F94E5}.Debug|Any CPU.Build.0 = Debug|Any CPU
		{CB9D8158-E76A-43D2-81C6-FFE7788F94E5}.Debug|iPhone.ActiveCfg = Debug|Any CPU
		{CB9D8158-E76A-43D2-81C6-FFE7788F94E5}.Debug|iPhone.Build.0 = Debug|Any CPU
		{CB9D8158-E76A-43D2-81C6-FFE7788F94E5}.Debug|iPhoneSimulator.ActiveCfg = Debug|Any CPU
		{CB9D8158-E76A-43D2-81C6-FFE7788F94E5}.Debug|iPhoneSimulator.Build.0 = Debug|Any CPU
		{CB9D8158-E76A-43D2-81C6-FFE7788F94E5}.Release|Any CPU.ActiveCfg = Release|Any CPU
		{CB9D8158-E76A-43D2-81C6-FFE7788F94E5}.Release|Any CPU.Build.0 = Release|Any CPU
		{CB9D8158-E76A-43D2-81C6-FFE7788F94E5}.Release|iPhone.ActiveCfg = Release|Any CPU
		{CB9D8158-E76A-43D2-81C6-FFE7788F94E5}.Release|iPhone.Build.0 = Release|Any CPU
		{CB9D8158-E76A-43D2-81C6-FFE7788F94E5}.Release|iPhoneSimulator.ActiveCfg = Release|Any CPU
		{CB9D8158-E76A-43D2-81C6-FFE7788F94E5}.Release|iPhoneSimulator.Build.0 = Release|Any CPU
		{ED20264A-9F06-40CC-BFC5-0A335D670DAD}.Ad-Hoc|Any CPU.ActiveCfg = Release|Any CPU
		{ED20264A-9F06-40CC-BFC5-0A335D670DAD}.Ad-Hoc|Any CPU.Build.0 = Release|Any CPU
		{ED20264A-9F06-40CC-BFC5-0A335D670DAD}.Ad-Hoc|iPhone.ActiveCfg = Release|Any CPU
		{ED20264A-9F06-40CC-BFC5-0A335D670DAD}.Ad-Hoc|iPhone.Build.0 = Release|Any CPU
		{ED20264A-9F06-40CC-BFC5-0A335D670DAD}.Ad-Hoc|iPhoneSimulator.ActiveCfg = Release|Any CPU
		{ED20264A-9F06-40CC-BFC5-0A335D670DAD}.Ad-Hoc|iPhoneSimulator.Build.0 = Release|Any CPU
		{ED20264A-9F06-40CC-BFC5-0A335D670DAD}.AppStore|Any CPU.ActiveCfg = Release|Any CPU
		{ED20264A-9F06-40CC-BFC5-0A335D670DAD}.AppStore|Any CPU.Build.0 = Release|Any CPU
		{ED20264A-9F06-40CC-BFC5-0A335D670DAD}.AppStore|iPhone.ActiveCfg = Release|Any CPU
		{ED20264A-9F06-40CC-BFC5-0A335D670DAD}.AppStore|iPhone.Build.0 = Release|Any CPU
		{ED20264A-9F06-40CC-BFC5-0A335D670DAD}.AppStore|iPhoneSimulator.ActiveCfg = Release|Any CPU
		{ED20264A-9F06-40CC-BFC5-0A335D670DAD}.AppStore|iPhoneSimulator.Build.0 = Release|Any CPU
		{ED20264A-9F06-40CC-BFC5-0A335D670DAD}.Debug|Any CPU.ActiveCfg = Debug|Any CPU
		{ED20264A-9F06-40CC-BFC5-0A335D670DAD}.Debug|Any CPU.Build.0 = Debug|Any CPU
		{ED20264A-9F06-40CC-BFC5-0A335D670DAD}.Debug|iPhone.ActiveCfg = Debug|Any CPU
		{ED20264A-9F06-40CC-BFC5-0A335D670DAD}.Debug|iPhone.Build.0 = Debug|Any CPU
		{ED20264A-9F06-40CC-BFC5-0A335D670DAD}.Debug|iPhoneSimulator.ActiveCfg = Debug|Any CPU
		{ED20264A-9F06-40CC-BFC5-0A335D670DAD}.Debug|iPhoneSimulator.Build.0 = Debug|Any CPU
		{ED20264A-9F06-40CC-BFC5-0A335D670DAD}.Release|Any CPU.ActiveCfg = Release|Any CPU
		{ED20264A-9F06-40CC-BFC5-0A335D670DAD}.Release|Any CPU.Build.0 = Release|Any CPU
		{ED20264A-9F06-40CC-BFC5-0A335D670DAD}.Release|iPhone.ActiveCfg = Release|Any CPU
		{ED20264A-9F06-40CC-BFC5-0A335D670DAD}.Release|iPhone.Build.0 = Release|Any CPU
		{ED20264A-9F06-40CC-BFC5-0A335D670DAD}.Release|iPhoneSimulator.ActiveCfg = Release|Any CPU
		{ED20264A-9F06-40CC-BFC5-0A335D670DAD}.Release|iPhoneSimulator.Build.0 = Release|Any CPU
		{9DFB67FA-4D9E-4AC9-80B8-A43FC26E5934}.Ad-Hoc|Any CPU.ActiveCfg = Release|Any CPU
		{9DFB67FA-4D9E-4AC9-80B8-A43FC26E5934}.Ad-Hoc|Any CPU.Build.0 = Release|Any CPU
		{9DFB67FA-4D9E-4AC9-80B8-A43FC26E5934}.Ad-Hoc|iPhone.ActiveCfg = Release|Any CPU
		{9DFB67FA-4D9E-4AC9-80B8-A43FC26E5934}.Ad-Hoc|iPhone.Build.0 = Release|Any CPU
		{9DFB67FA-4D9E-4AC9-80B8-A43FC26E5934}.Ad-Hoc|iPhoneSimulator.ActiveCfg = Release|Any CPU
		{9DFB67FA-4D9E-4AC9-80B8-A43FC26E5934}.Ad-Hoc|iPhoneSimulator.Build.0 = Release|Any CPU
		{9DFB67FA-4D9E-4AC9-80B8-A43FC26E5934}.AppStore|Any CPU.ActiveCfg = Release|Any CPU
		{9DFB67FA-4D9E-4AC9-80B8-A43FC26E5934}.AppStore|Any CPU.Build.0 = Release|Any CPU
		{9DFB67FA-4D9E-4AC9-80B8-A43FC26E5934}.AppStore|iPhone.ActiveCfg = Release|Any CPU
		{9DFB67FA-4D9E-4AC9-80B8-A43FC26E5934}.AppStore|iPhone.Build.0 = Release|Any CPU
		{9DFB67FA-4D9E-4AC9-80B8-A43FC26E5934}.AppStore|iPhoneSimulator.ActiveCfg = Release|Any CPU
		{9DFB67FA-4D9E-4AC9-80B8-A43FC26E5934}.AppStore|iPhoneSimulator.Build.0 = Release|Any CPU
		{9DFB67FA-4D9E-4AC9-80B8-A43FC26E5934}.Debug|Any CPU.ActiveCfg = Debug|Any CPU
		{9DFB67FA-4D9E-4AC9-80B8-A43FC26E5934}.Debug|Any CPU.Build.0 = Debug|Any CPU
		{9DFB67FA-4D9E-4AC9-80B8-A43FC26E5934}.Debug|iPhone.ActiveCfg = Debug|Any CPU
		{9DFB67FA-4D9E-4AC9-80B8-A43FC26E5934}.Debug|iPhone.Build.0 = Debug|Any CPU
		{9DFB67FA-4D9E-4AC9-80B8-A43FC26E5934}.Debug|iPhoneSimulator.ActiveCfg = Debug|Any CPU
		{9DFB67FA-4D9E-4AC9-80B8-A43FC26E5934}.Debug|iPhoneSimulator.Build.0 = Debug|Any CPU
		{9DFB67FA-4D9E-4AC9-80B8-A43FC26E5934}.Release|Any CPU.ActiveCfg = Release|Any CPU
		{9DFB67FA-4D9E-4AC9-80B8-A43FC26E5934}.Release|Any CPU.Build.0 = Release|Any CPU
		{9DFB67FA-4D9E-4AC9-80B8-A43FC26E5934}.Release|iPhone.ActiveCfg = Release|Any CPU
		{9DFB67FA-4D9E-4AC9-80B8-A43FC26E5934}.Release|iPhone.Build.0 = Release|Any CPU
		{9DFB67FA-4D9E-4AC9-80B8-A43FC26E5934}.Release|iPhoneSimulator.ActiveCfg = Release|Any CPU
		{9DFB67FA-4D9E-4AC9-80B8-A43FC26E5934}.Release|iPhoneSimulator.Build.0 = Release|Any CPU
		{32BAAC00-8285-414A-9A55-1396A9C0AD8D}.Ad-Hoc|Any CPU.ActiveCfg = Debug|Any CPU
		{32BAAC00-8285-414A-9A55-1396A9C0AD8D}.Ad-Hoc|Any CPU.Build.0 = Debug|Any CPU
		{32BAAC00-8285-414A-9A55-1396A9C0AD8D}.Ad-Hoc|iPhone.ActiveCfg = Debug|Any CPU
		{32BAAC00-8285-414A-9A55-1396A9C0AD8D}.Ad-Hoc|iPhone.Build.0 = Debug|Any CPU
		{32BAAC00-8285-414A-9A55-1396A9C0AD8D}.Ad-Hoc|iPhoneSimulator.ActiveCfg = Debug|Any CPU
		{32BAAC00-8285-414A-9A55-1396A9C0AD8D}.Ad-Hoc|iPhoneSimulator.Build.0 = Debug|Any CPU
		{32BAAC00-8285-414A-9A55-1396A9C0AD8D}.AppStore|Any CPU.ActiveCfg = Debug|Any CPU
		{32BAAC00-8285-414A-9A55-1396A9C0AD8D}.AppStore|Any CPU.Build.0 = Debug|Any CPU
		{32BAAC00-8285-414A-9A55-1396A9C0AD8D}.AppStore|iPhone.ActiveCfg = Debug|Any CPU
		{32BAAC00-8285-414A-9A55-1396A9C0AD8D}.AppStore|iPhone.Build.0 = Debug|Any CPU
		{32BAAC00-8285-414A-9A55-1396A9C0AD8D}.AppStore|iPhoneSimulator.ActiveCfg = Debug|Any CPU
		{32BAAC00-8285-414A-9A55-1396A9C0AD8D}.AppStore|iPhoneSimulator.Build.0 = Debug|Any CPU
		{32BAAC00-8285-414A-9A55-1396A9C0AD8D}.Debug|Any CPU.ActiveCfg = Debug|Any CPU
		{32BAAC00-8285-414A-9A55-1396A9C0AD8D}.Debug|Any CPU.Build.0 = Debug|Any CPU
		{32BAAC00-8285-414A-9A55-1396A9C0AD8D}.Debug|iPhone.ActiveCfg = Debug|Any CPU
		{32BAAC00-8285-414A-9A55-1396A9C0AD8D}.Debug|iPhone.Build.0 = Debug|Any CPU
		{32BAAC00-8285-414A-9A55-1396A9C0AD8D}.Debug|iPhoneSimulator.ActiveCfg = Debug|Any CPU
		{32BAAC00-8285-414A-9A55-1396A9C0AD8D}.Debug|iPhoneSimulator.Build.0 = Debug|Any CPU
		{32BAAC00-8285-414A-9A55-1396A9C0AD8D}.Release|Any CPU.ActiveCfg = Release|Any CPU
		{32BAAC00-8285-414A-9A55-1396A9C0AD8D}.Release|Any CPU.Build.0 = Release|Any CPU
		{32BAAC00-8285-414A-9A55-1396A9C0AD8D}.Release|iPhone.ActiveCfg = Release|Any CPU
		{32BAAC00-8285-414A-9A55-1396A9C0AD8D}.Release|iPhone.Build.0 = Release|Any CPU
		{32BAAC00-8285-414A-9A55-1396A9C0AD8D}.Release|iPhoneSimulator.ActiveCfg = Release|Any CPU
		{32BAAC00-8285-414A-9A55-1396A9C0AD8D}.Release|iPhoneSimulator.Build.0 = Release|Any CPU
		{3582E496-63BA-451B-BB06-D0369FAC17F1}.Ad-Hoc|Any CPU.ActiveCfg = Release|Any CPU
		{3582E496-63BA-451B-BB06-D0369FAC17F1}.Ad-Hoc|Any CPU.Build.0 = Release|Any CPU
		{3582E496-63BA-451B-BB06-D0369FAC17F1}.Ad-Hoc|Any CPU.Deploy.0 = Release|Any CPU
		{3582E496-63BA-451B-BB06-D0369FAC17F1}.Ad-Hoc|iPhone.ActiveCfg = Release|Any CPU
		{3582E496-63BA-451B-BB06-D0369FAC17F1}.Ad-Hoc|iPhone.Build.0 = Release|Any CPU
		{3582E496-63BA-451B-BB06-D0369FAC17F1}.Ad-Hoc|iPhone.Deploy.0 = Release|Any CPU
		{3582E496-63BA-451B-BB06-D0369FAC17F1}.Ad-Hoc|iPhoneSimulator.ActiveCfg = Release|Any CPU
		{3582E496-63BA-451B-BB06-D0369FAC17F1}.Ad-Hoc|iPhoneSimulator.Build.0 = Release|Any CPU
		{3582E496-63BA-451B-BB06-D0369FAC17F1}.Ad-Hoc|iPhoneSimulator.Deploy.0 = Release|Any CPU
		{3582E496-63BA-451B-BB06-D0369FAC17F1}.AppStore|Any CPU.ActiveCfg = Release|Any CPU
		{3582E496-63BA-451B-BB06-D0369FAC17F1}.AppStore|Any CPU.Build.0 = Release|Any CPU
		{3582E496-63BA-451B-BB06-D0369FAC17F1}.AppStore|Any CPU.Deploy.0 = Release|Any CPU
		{3582E496-63BA-451B-BB06-D0369FAC17F1}.AppStore|iPhone.ActiveCfg = Release|Any CPU
		{3582E496-63BA-451B-BB06-D0369FAC17F1}.AppStore|iPhone.Build.0 = Release|Any CPU
		{3582E496-63BA-451B-BB06-D0369FAC17F1}.AppStore|iPhone.Deploy.0 = Release|Any CPU
		{3582E496-63BA-451B-BB06-D0369FAC17F1}.AppStore|iPhoneSimulator.ActiveCfg = Release|Any CPU
		{3582E496-63BA-451B-BB06-D0369FAC17F1}.AppStore|iPhoneSimulator.Build.0 = Release|Any CPU
		{3582E496-63BA-451B-BB06-D0369FAC17F1}.AppStore|iPhoneSimulator.Deploy.0 = Release|Any CPU
		{3582E496-63BA-451B-BB06-D0369FAC17F1}.Debug|Any CPU.ActiveCfg = Debug|Any CPU
		{3582E496-63BA-451B-BB06-D0369FAC17F1}.Debug|Any CPU.Build.0 = Debug|Any CPU
		{3582E496-63BA-451B-BB06-D0369FAC17F1}.Debug|Any CPU.Deploy.0 = Debug|Any CPU
		{3582E496-63BA-451B-BB06-D0369FAC17F1}.Debug|iPhone.ActiveCfg = Debug|Any CPU
		{3582E496-63BA-451B-BB06-D0369FAC17F1}.Debug|iPhone.Build.0 = Debug|Any CPU
		{3582E496-63BA-451B-BB06-D0369FAC17F1}.Debug|iPhone.Deploy.0 = Debug|Any CPU
		{3582E496-63BA-451B-BB06-D0369FAC17F1}.Debug|iPhoneSimulator.ActiveCfg = Debug|Any CPU
		{3582E496-63BA-451B-BB06-D0369FAC17F1}.Debug|iPhoneSimulator.Build.0 = Debug|Any CPU
		{3582E496-63BA-451B-BB06-D0369FAC17F1}.Debug|iPhoneSimulator.Deploy.0 = Debug|Any CPU
		{3582E496-63BA-451B-BB06-D0369FAC17F1}.Release|Any CPU.ActiveCfg = Release|Any CPU
		{3582E496-63BA-451B-BB06-D0369FAC17F1}.Release|Any CPU.Build.0 = Release|Any CPU
		{3582E496-63BA-451B-BB06-D0369FAC17F1}.Release|Any CPU.Deploy.0 = Release|Any CPU
		{3582E496-63BA-451B-BB06-D0369FAC17F1}.Release|iPhone.ActiveCfg = Release|Any CPU
		{3582E496-63BA-451B-BB06-D0369FAC17F1}.Release|iPhone.Build.0 = Release|Any CPU
		{3582E496-63BA-451B-BB06-D0369FAC17F1}.Release|iPhone.Deploy.0 = Release|Any CPU
		{3582E496-63BA-451B-BB06-D0369FAC17F1}.Release|iPhoneSimulator.ActiveCfg = Release|Any CPU
		{3582E496-63BA-451B-BB06-D0369FAC17F1}.Release|iPhoneSimulator.Build.0 = Release|Any CPU
		{3582E496-63BA-451B-BB06-D0369FAC17F1}.Release|iPhoneSimulator.Deploy.0 = Release|Any CPU
		{5C9F264C-2300-49CB-AD07-4E29F1B3373F}.Ad-Hoc|Any CPU.ActiveCfg = Ad-Hoc|iPhone
		{5C9F264C-2300-49CB-AD07-4E29F1B3373F}.Ad-Hoc|iPhone.ActiveCfg = Ad-Hoc|iPhone
		{5C9F264C-2300-49CB-AD07-4E29F1B3373F}.Ad-Hoc|iPhone.Build.0 = Ad-Hoc|iPhone
		{5C9F264C-2300-49CB-AD07-4E29F1B3373F}.Ad-Hoc|iPhoneSimulator.ActiveCfg = Ad-Hoc|iPhoneSimulator
		{5C9F264C-2300-49CB-AD07-4E29F1B3373F}.Ad-Hoc|iPhoneSimulator.Build.0 = Ad-Hoc|iPhoneSimulator
		{5C9F264C-2300-49CB-AD07-4E29F1B3373F}.AppStore|Any CPU.ActiveCfg = AppStore|iPhone
		{5C9F264C-2300-49CB-AD07-4E29F1B3373F}.AppStore|iPhone.ActiveCfg = AppStore|iPhone
		{5C9F264C-2300-49CB-AD07-4E29F1B3373F}.AppStore|iPhone.Build.0 = AppStore|iPhone
		{5C9F264C-2300-49CB-AD07-4E29F1B3373F}.AppStore|iPhoneSimulator.ActiveCfg = AppStore|iPhoneSimulator
		{5C9F264C-2300-49CB-AD07-4E29F1B3373F}.AppStore|iPhoneSimulator.Build.0 = AppStore|iPhoneSimulator
		{5C9F264C-2300-49CB-AD07-4E29F1B3373F}.Debug|Any CPU.ActiveCfg = Debug|iPhone
		{5C9F264C-2300-49CB-AD07-4E29F1B3373F}.Debug|iPhone.ActiveCfg = Debug|iPhone
		{5C9F264C-2300-49CB-AD07-4E29F1B3373F}.Debug|iPhone.Build.0 = Debug|iPhone
		{5C9F264C-2300-49CB-AD07-4E29F1B3373F}.Debug|iPhoneSimulator.ActiveCfg = Debug|iPhoneSimulator
		{5C9F264C-2300-49CB-AD07-4E29F1B3373F}.Debug|iPhoneSimulator.Build.0 = Debug|iPhoneSimulator
		{5C9F264C-2300-49CB-AD07-4E29F1B3373F}.Release|Any CPU.ActiveCfg = Release|iPhone
		{5C9F264C-2300-49CB-AD07-4E29F1B3373F}.Release|iPhone.ActiveCfg = Release|iPhone
		{5C9F264C-2300-49CB-AD07-4E29F1B3373F}.Release|iPhone.Build.0 = Release|iPhone
		{5C9F264C-2300-49CB-AD07-4E29F1B3373F}.Release|iPhoneSimulator.ActiveCfg = Release|iPhoneSimulator
		{5C9F264C-2300-49CB-AD07-4E29F1B3373F}.Release|iPhoneSimulator.Build.0 = Release|iPhoneSimulator
		{5005613D-80A7-4F6D-B69E-D787026F5E12}.Ad-Hoc|Any CPU.ActiveCfg = Debug|Any CPU
		{5005613D-80A7-4F6D-B69E-D787026F5E12}.Ad-Hoc|Any CPU.Build.0 = Debug|Any CPU
		{5005613D-80A7-4F6D-B69E-D787026F5E12}.Ad-Hoc|iPhone.ActiveCfg = Debug|Any CPU
		{5005613D-80A7-4F6D-B69E-D787026F5E12}.Ad-Hoc|iPhone.Build.0 = Debug|Any CPU
		{5005613D-80A7-4F6D-B69E-D787026F5E12}.Ad-Hoc|iPhoneSimulator.ActiveCfg = Debug|Any CPU
		{5005613D-80A7-4F6D-B69E-D787026F5E12}.Ad-Hoc|iPhoneSimulator.Build.0 = Debug|Any CPU
		{5005613D-80A7-4F6D-B69E-D787026F5E12}.AppStore|Any CPU.ActiveCfg = Debug|Any CPU
		{5005613D-80A7-4F6D-B69E-D787026F5E12}.AppStore|Any CPU.Build.0 = Debug|Any CPU
		{5005613D-80A7-4F6D-B69E-D787026F5E12}.AppStore|iPhone.ActiveCfg = Debug|Any CPU
		{5005613D-80A7-4F6D-B69E-D787026F5E12}.AppStore|iPhone.Build.0 = Debug|Any CPU
		{5005613D-80A7-4F6D-B69E-D787026F5E12}.AppStore|iPhoneSimulator.ActiveCfg = Debug|Any CPU
		{5005613D-80A7-4F6D-B69E-D787026F5E12}.AppStore|iPhoneSimulator.Build.0 = Debug|Any CPU
		{5005613D-80A7-4F6D-B69E-D787026F5E12}.Debug|Any CPU.ActiveCfg = Debug|Any CPU
		{5005613D-80A7-4F6D-B69E-D787026F5E12}.Debug|Any CPU.Build.0 = Debug|Any CPU
		{5005613D-80A7-4F6D-B69E-D787026F5E12}.Debug|iPhone.ActiveCfg = Debug|Any CPU
		{5005613D-80A7-4F6D-B69E-D787026F5E12}.Debug|iPhone.Build.0 = Debug|Any CPU
		{5005613D-80A7-4F6D-B69E-D787026F5E12}.Debug|iPhoneSimulator.ActiveCfg = Debug|Any CPU
		{5005613D-80A7-4F6D-B69E-D787026F5E12}.Debug|iPhoneSimulator.Build.0 = Debug|Any CPU
		{5005613D-80A7-4F6D-B69E-D787026F5E12}.Release|Any CPU.ActiveCfg = Release|Any CPU
		{5005613D-80A7-4F6D-B69E-D787026F5E12}.Release|Any CPU.Build.0 = Release|Any CPU
		{5005613D-80A7-4F6D-B69E-D787026F5E12}.Release|iPhone.ActiveCfg = Release|Any CPU
		{5005613D-80A7-4F6D-B69E-D787026F5E12}.Release|iPhone.Build.0 = Release|Any CPU
		{5005613D-80A7-4F6D-B69E-D787026F5E12}.Release|iPhoneSimulator.ActiveCfg = Release|Any CPU
		{5005613D-80A7-4F6D-B69E-D787026F5E12}.Release|iPhoneSimulator.Build.0 = Release|Any CPU
		{A18813B8-BCCC-48F4-B4F6-E302B5A0B5EC}.Ad-Hoc|Any CPU.ActiveCfg = Debug|Any CPU
		{A18813B8-BCCC-48F4-B4F6-E302B5A0B5EC}.Ad-Hoc|Any CPU.Build.0 = Debug|Any CPU
		{A18813B8-BCCC-48F4-B4F6-E302B5A0B5EC}.Ad-Hoc|iPhone.ActiveCfg = Debug|Any CPU
		{A18813B8-BCCC-48F4-B4F6-E302B5A0B5EC}.Ad-Hoc|iPhone.Build.0 = Debug|Any CPU
		{A18813B8-BCCC-48F4-B4F6-E302B5A0B5EC}.Ad-Hoc|iPhoneSimulator.ActiveCfg = Debug|Any CPU
		{A18813B8-BCCC-48F4-B4F6-E302B5A0B5EC}.Ad-Hoc|iPhoneSimulator.Build.0 = Debug|Any CPU
		{A18813B8-BCCC-48F4-B4F6-E302B5A0B5EC}.AppStore|Any CPU.ActiveCfg = Debug|Any CPU
		{A18813B8-BCCC-48F4-B4F6-E302B5A0B5EC}.AppStore|Any CPU.Build.0 = Debug|Any CPU
		{A18813B8-BCCC-48F4-B4F6-E302B5A0B5EC}.AppStore|iPhone.ActiveCfg = Debug|Any CPU
		{A18813B8-BCCC-48F4-B4F6-E302B5A0B5EC}.AppStore|iPhone.Build.0 = Debug|Any CPU
		{A18813B8-BCCC-48F4-B4F6-E302B5A0B5EC}.AppStore|iPhoneSimulator.ActiveCfg = Debug|Any CPU
		{A18813B8-BCCC-48F4-B4F6-E302B5A0B5EC}.AppStore|iPhoneSimulator.Build.0 = Debug|Any CPU
		{A18813B8-BCCC-48F4-B4F6-E302B5A0B5EC}.Debug|Any CPU.ActiveCfg = Debug|Any CPU
		{A18813B8-BCCC-48F4-B4F6-E302B5A0B5EC}.Debug|Any CPU.Build.0 = Debug|Any CPU
		{A18813B8-BCCC-48F4-B4F6-E302B5A0B5EC}.Debug|iPhone.ActiveCfg = Debug|Any CPU
		{A18813B8-BCCC-48F4-B4F6-E302B5A0B5EC}.Debug|iPhone.Build.0 = Debug|Any CPU
		{A18813B8-BCCC-48F4-B4F6-E302B5A0B5EC}.Debug|iPhoneSimulator.ActiveCfg = Debug|Any CPU
		{A18813B8-BCCC-48F4-B4F6-E302B5A0B5EC}.Debug|iPhoneSimulator.Build.0 = Debug|Any CPU
		{A18813B8-BCCC-48F4-B4F6-E302B5A0B5EC}.Release|Any CPU.ActiveCfg = Release|Any CPU
		{A18813B8-BCCC-48F4-B4F6-E302B5A0B5EC}.Release|Any CPU.Build.0 = Release|Any CPU
		{A18813B8-BCCC-48F4-B4F6-E302B5A0B5EC}.Release|iPhone.ActiveCfg = Release|Any CPU
		{A18813B8-BCCC-48F4-B4F6-E302B5A0B5EC}.Release|iPhone.Build.0 = Release|Any CPU
		{A18813B8-BCCC-48F4-B4F6-E302B5A0B5EC}.Release|iPhoneSimulator.ActiveCfg = Release|Any CPU
		{A18813B8-BCCC-48F4-B4F6-E302B5A0B5EC}.Release|iPhoneSimulator.Build.0 = Release|Any CPU
		{10661133-009F-4489-A592-A8A1CD058661}.Ad-Hoc|Any CPU.ActiveCfg = Debug|Any CPU
		{10661133-009F-4489-A592-A8A1CD058661}.Ad-Hoc|Any CPU.Build.0 = Debug|Any CPU
		{10661133-009F-4489-A592-A8A1CD058661}.Ad-Hoc|iPhone.ActiveCfg = Debug|Any CPU
		{10661133-009F-4489-A592-A8A1CD058661}.Ad-Hoc|iPhone.Build.0 = Debug|Any CPU
		{10661133-009F-4489-A592-A8A1CD058661}.Ad-Hoc|iPhoneSimulator.ActiveCfg = Debug|Any CPU
		{10661133-009F-4489-A592-A8A1CD058661}.Ad-Hoc|iPhoneSimulator.Build.0 = Debug|Any CPU
		{10661133-009F-4489-A592-A8A1CD058661}.AppStore|Any CPU.ActiveCfg = Debug|Any CPU
		{10661133-009F-4489-A592-A8A1CD058661}.AppStore|Any CPU.Build.0 = Debug|Any CPU
		{10661133-009F-4489-A592-A8A1CD058661}.AppStore|iPhone.ActiveCfg = Debug|Any CPU
		{10661133-009F-4489-A592-A8A1CD058661}.AppStore|iPhone.Build.0 = Debug|Any CPU
		{10661133-009F-4489-A592-A8A1CD058661}.AppStore|iPhoneSimulator.ActiveCfg = Debug|Any CPU
		{10661133-009F-4489-A592-A8A1CD058661}.AppStore|iPhoneSimulator.Build.0 = Debug|Any CPU
		{10661133-009F-4489-A592-A8A1CD058661}.Debug|Any CPU.ActiveCfg = Debug|Any CPU
		{10661133-009F-4489-A592-A8A1CD058661}.Debug|Any CPU.Build.0 = Debug|Any CPU
		{10661133-009F-4489-A592-A8A1CD058661}.Debug|iPhone.ActiveCfg = Debug|Any CPU
		{10661133-009F-4489-A592-A8A1CD058661}.Debug|iPhone.Build.0 = Debug|Any CPU
		{10661133-009F-4489-A592-A8A1CD058661}.Debug|iPhoneSimulator.ActiveCfg = Debug|Any CPU
		{10661133-009F-4489-A592-A8A1CD058661}.Debug|iPhoneSimulator.Build.0 = Debug|Any CPU
		{10661133-009F-4489-A592-A8A1CD058661}.Release|Any CPU.ActiveCfg = Release|Any CPU
		{10661133-009F-4489-A592-A8A1CD058661}.Release|Any CPU.Build.0 = Release|Any CPU
		{10661133-009F-4489-A592-A8A1CD058661}.Release|iPhone.ActiveCfg = Release|Any CPU
		{10661133-009F-4489-A592-A8A1CD058661}.Release|iPhone.Build.0 = Release|Any CPU
		{10661133-009F-4489-A592-A8A1CD058661}.Release|iPhoneSimulator.ActiveCfg = Release|Any CPU
		{10661133-009F-4489-A592-A8A1CD058661}.Release|iPhoneSimulator.Build.0 = Release|Any CPU
		{94D0E5A6-46E5-40F0-B76E-253E83AB3994}.Ad-Hoc|Any CPU.ActiveCfg = Debug|Any CPU
		{94D0E5A6-46E5-40F0-B76E-253E83AB3994}.Ad-Hoc|Any CPU.Build.0 = Debug|Any CPU
		{94D0E5A6-46E5-40F0-B76E-253E83AB3994}.Ad-Hoc|iPhone.ActiveCfg = Debug|Any CPU
		{94D0E5A6-46E5-40F0-B76E-253E83AB3994}.Ad-Hoc|iPhone.Build.0 = Debug|Any CPU
		{94D0E5A6-46E5-40F0-B76E-253E83AB3994}.Ad-Hoc|iPhoneSimulator.ActiveCfg = Debug|Any CPU
		{94D0E5A6-46E5-40F0-B76E-253E83AB3994}.Ad-Hoc|iPhoneSimulator.Build.0 = Debug|Any CPU
		{94D0E5A6-46E5-40F0-B76E-253E83AB3994}.AppStore|Any CPU.ActiveCfg = Debug|Any CPU
		{94D0E5A6-46E5-40F0-B76E-253E83AB3994}.AppStore|Any CPU.Build.0 = Debug|Any CPU
		{94D0E5A6-46E5-40F0-B76E-253E83AB3994}.AppStore|iPhone.ActiveCfg = Debug|Any CPU
		{94D0E5A6-46E5-40F0-B76E-253E83AB3994}.AppStore|iPhone.Build.0 = Debug|Any CPU
		{94D0E5A6-46E5-40F0-B76E-253E83AB3994}.AppStore|iPhoneSimulator.ActiveCfg = Debug|Any CPU
		{94D0E5A6-46E5-40F0-B76E-253E83AB3994}.AppStore|iPhoneSimulator.Build.0 = Debug|Any CPU
		{94D0E5A6-46E5-40F0-B76E-253E83AB3994}.Debug|Any CPU.ActiveCfg = Debug|Any CPU
		{94D0E5A6-46E5-40F0-B76E-253E83AB3994}.Debug|Any CPU.Build.0 = Debug|Any CPU
		{94D0E5A6-46E5-40F0-B76E-253E83AB3994}.Debug|iPhone.ActiveCfg = Debug|Any CPU
		{94D0E5A6-46E5-40F0-B76E-253E83AB3994}.Debug|iPhone.Build.0 = Debug|Any CPU
		{94D0E5A6-46E5-40F0-B76E-253E83AB3994}.Debug|iPhoneSimulator.ActiveCfg = Debug|Any CPU
		{94D0E5A6-46E5-40F0-B76E-253E83AB3994}.Debug|iPhoneSimulator.Build.0 = Debug|Any CPU
		{94D0E5A6-46E5-40F0-B76E-253E83AB3994}.Release|Any CPU.ActiveCfg = Release|Any CPU
		{94D0E5A6-46E5-40F0-B76E-253E83AB3994}.Release|Any CPU.Build.0 = Release|Any CPU
		{94D0E5A6-46E5-40F0-B76E-253E83AB3994}.Release|iPhone.ActiveCfg = Release|Any CPU
		{94D0E5A6-46E5-40F0-B76E-253E83AB3994}.Release|iPhone.Build.0 = Release|Any CPU
		{94D0E5A6-46E5-40F0-B76E-253E83AB3994}.Release|iPhoneSimulator.ActiveCfg = Release|Any CPU
		{94D0E5A6-46E5-40F0-B76E-253E83AB3994}.Release|iPhoneSimulator.Build.0 = Release|Any CPU
		{9A0F310F-CDB6-4E20-ADFC-CF5FF498E865}.Ad-Hoc|Any CPU.ActiveCfg = Debug|Any CPU
		{9A0F310F-CDB6-4E20-ADFC-CF5FF498E865}.Ad-Hoc|Any CPU.Build.0 = Debug|Any CPU
		{9A0F310F-CDB6-4E20-ADFC-CF5FF498E865}.Ad-Hoc|iPhone.ActiveCfg = Debug|Any CPU
		{9A0F310F-CDB6-4E20-ADFC-CF5FF498E865}.Ad-Hoc|iPhone.Build.0 = Debug|Any CPU
		{9A0F310F-CDB6-4E20-ADFC-CF5FF498E865}.Ad-Hoc|iPhoneSimulator.ActiveCfg = Debug|Any CPU
		{9A0F310F-CDB6-4E20-ADFC-CF5FF498E865}.Ad-Hoc|iPhoneSimulator.Build.0 = Debug|Any CPU
		{9A0F310F-CDB6-4E20-ADFC-CF5FF498E865}.AppStore|Any CPU.ActiveCfg = Debug|Any CPU
		{9A0F310F-CDB6-4E20-ADFC-CF5FF498E865}.AppStore|Any CPU.Build.0 = Debug|Any CPU
		{9A0F310F-CDB6-4E20-ADFC-CF5FF498E865}.AppStore|iPhone.ActiveCfg = Debug|Any CPU
		{9A0F310F-CDB6-4E20-ADFC-CF5FF498E865}.AppStore|iPhone.Build.0 = Debug|Any CPU
		{9A0F310F-CDB6-4E20-ADFC-CF5FF498E865}.AppStore|iPhoneSimulator.ActiveCfg = Debug|Any CPU
		{9A0F310F-CDB6-4E20-ADFC-CF5FF498E865}.AppStore|iPhoneSimulator.Build.0 = Debug|Any CPU
		{9A0F310F-CDB6-4E20-ADFC-CF5FF498E865}.Debug|Any CPU.ActiveCfg = Debug|Any CPU
		{9A0F310F-CDB6-4E20-ADFC-CF5FF498E865}.Debug|Any CPU.Build.0 = Debug|Any CPU
		{9A0F310F-CDB6-4E20-ADFC-CF5FF498E865}.Debug|iPhone.ActiveCfg = Debug|Any CPU
		{9A0F310F-CDB6-4E20-ADFC-CF5FF498E865}.Debug|iPhone.Build.0 = Debug|Any CPU
		{9A0F310F-CDB6-4E20-ADFC-CF5FF498E865}.Debug|iPhoneSimulator.ActiveCfg = Debug|Any CPU
		{9A0F310F-CDB6-4E20-ADFC-CF5FF498E865}.Debug|iPhoneSimulator.Build.0 = Debug|Any CPU
		{9A0F310F-CDB6-4E20-ADFC-CF5FF498E865}.Release|Any CPU.ActiveCfg = Release|Any CPU
		{9A0F310F-CDB6-4E20-ADFC-CF5FF498E865}.Release|Any CPU.Build.0 = Release|Any CPU
		{9A0F310F-CDB6-4E20-ADFC-CF5FF498E865}.Release|iPhone.ActiveCfg = Release|Any CPU
		{9A0F310F-CDB6-4E20-ADFC-CF5FF498E865}.Release|iPhone.Build.0 = Release|Any CPU
		{9A0F310F-CDB6-4E20-ADFC-CF5FF498E865}.Release|iPhoneSimulator.ActiveCfg = Release|Any CPU
		{9A0F310F-CDB6-4E20-ADFC-CF5FF498E865}.Release|iPhoneSimulator.Build.0 = Release|Any CPU
	EndGlobalSection
	GlobalSection(SolutionProperties) = preSolution
		HideSolutionNode = FALSE
	EndGlobalSection
	GlobalSection(NestedProjects) = preSolution
		{71CAE9EB-0F48-453B-AFA9-B8F0DA48F221} = {8F5D93ED-E3F1-4C68-8B8C-61720BA4A474}
		{5BCC5046-D19E-4DA3-98B0-6224F9AFDFFD} = {8F5D93ED-E3F1-4C68-8B8C-61720BA4A474}
		{A56DFEA2-D00C-4AAC-875F-E6C307FE7B6D} = {8F5D93ED-E3F1-4C68-8B8C-61720BA4A474}
		{BC496984-089D-46CA-9EEE-75B881AB3354} = {71CAE9EB-0F48-453B-AFA9-B8F0DA48F221}
		{63FB1045-FD24-4BB0-BA78-4465821390F3} = {71CAE9EB-0F48-453B-AFA9-B8F0DA48F221}
		{E030C342-0CF7-41C8-A2F3-E5FE38B1170D} = {71CAE9EB-0F48-453B-AFA9-B8F0DA48F221}
		{E4F7416D-97AE-4A2B-9AE7-C10BD90409ED} = {71CAE9EB-0F48-453B-AFA9-B8F0DA48F221}
		{32AB71B7-9618-4BA7-9669-EC5F4E35B1FF} = {71CAE9EB-0F48-453B-AFA9-B8F0DA48F221}
		{32C11EF4-E73F-4493-A951-56B439C46D2D} = {71CAE9EB-0F48-453B-AFA9-B8F0DA48F221}
		{06B38CD3-2828-4DA4-82FC-E99520DDFB8E} = {71CAE9EB-0F48-453B-AFA9-B8F0DA48F221}
		{7CEDC3B9-C4C0-415A-9AB7-7F19C6A2331F} = {71CAE9EB-0F48-453B-AFA9-B8F0DA48F221}
		{7138B7A6-D2D3-4F19-9634-BEA4159AAC83} = {71CAE9EB-0F48-453B-AFA9-B8F0DA48F221}
		{975D6BFB-9EE3-4549-AB66-91DA54142C87} = {71CAE9EB-0F48-453B-AFA9-B8F0DA48F221}
		{A62D24FD-9E5D-4558-837C-EDA6F850D4C1} = {A56DFEA2-D00C-4AAC-875F-E6C307FE7B6D}
		{CB9D8158-E76A-43D2-81C6-FFE7788F94E5} = {A62D24FD-9E5D-4558-837C-EDA6F850D4C1}
		{ED20264A-9F06-40CC-BFC5-0A335D670DAD} = {32C11EF4-E73F-4493-A951-56B439C46D2D}
		{55E1EE04-5DF9-443C-9E57-7266D9AF83CB} = {8F5D93ED-E3F1-4C68-8B8C-61720BA4A474}
		{D103B227-367B-405A-A606-444E8869E77C} = {55E1EE04-5DF9-443C-9E57-7266D9AF83CB}
		{6D2AE176-135A-4EE4-9DFA-52A395766176} = {55E1EE04-5DF9-443C-9E57-7266D9AF83CB}
		{32BAAC00-8285-414A-9A55-1396A9C0AD8D} = {D103B227-367B-405A-A606-444E8869E77C}
		{3582E496-63BA-451B-BB06-D0369FAC17F1} = {6D2AE176-135A-4EE4-9DFA-52A395766176}
		{5C9F264C-2300-49CB-AD07-4E29F1B3373F} = {6D2AE176-135A-4EE4-9DFA-52A395766176}
		{76792DE8-9FF3-479E-A5BB-80198F601A92} = {A56DFEA2-D00C-4AAC-875F-E6C307FE7B6D}
		{5005613D-80A7-4F6D-B69E-D787026F5E12} = {76792DE8-9FF3-479E-A5BB-80198F601A92}
		{A18813B8-BCCC-48F4-B4F6-E302B5A0B5EC} = {76792DE8-9FF3-479E-A5BB-80198F601A92}
		{10661133-009F-4489-A592-A8A1CD058661} = {76792DE8-9FF3-479E-A5BB-80198F601A92}
		{94D0E5A6-46E5-40F0-B76E-253E83AB3994} = {63FB1045-FD24-4BB0-BA78-4465821390F3}
		{9A0F310F-CDB6-4E20-ADFC-CF5FF498E865} = {A62D24FD-9E5D-4558-837C-EDA6F850D4C1}
	EndGlobalSection
	GlobalSection(ExtensibilityGlobals) = postSolution
		SolutionGuid = {6034DCEC-DC7A-4272-A07A-4DF9BB0BEFA3}
	EndGlobalSection
EndGlobal
