
Microsoft Visual Studio Solution File, Format Version 12.00
# Visual Studio 15
VisualStudioVersion = 15.0.27703.2047
MinimumVisualStudioVersion = 10.0.40219.1
Project("{2150E333-8FDC-42A3-9474-1A3956D46DE8}") = "src", "src", "{B9AB808A-A19A-447B-B377-0402639448FD}"
EndProject
Project("{2150E333-8FDC-42A3-9474-1A3956D46DE8}") = "Domain", "Domain", "{3B1498FF-550D-4012-A6BD-D1A95C0B6A76}"
EndProject
Project("{2150E333-8FDC-42A3-9474-1A3956D46DE8}") = "Services", "Services", "{FCB9E072-4C7E-4360-86A7-7B33009DD0BA}"
EndProject
Project("{2150E333-8FDC-42A3-9474-1A3956D46DE8}") = "Mobile Apps", "Mobile Apps", "{35DCAA59-FD38-4F0B-9AE8-F3F55070AB10}"
EndProject
Project("{2150E333-8FDC-42A3-9474-1A3956D46DE8}") = "BuildingBlocks", "BuildingBlocks", "{9B96D29E-C798-4D42-9486-398EC501DD5B}"
EndProject
Project("{2150E333-8FDC-42A3-9474-1A3956D46DE8}") = "ApiGateways", "ApiGateways", "{2527D1A9-71ED-47B1-9694-470880CA9DDB}"
EndProject
Project("{2150E333-8FDC-42A3-9474-1A3956D46DE8}") = "Core", "Core", "{3CECCA40-CB59-4A3C-9577-EDBC42470B0E}"
EndProject
Project("{2150E333-8FDC-42A3-9474-1A3956D46DE8}") = "SiloHost", "SiloHost", "{DEB21FEC-FF7A-4826-BD18-4FDEC0962643}"
EndProject
Project("{2150E333-8FDC-42A3-9474-1A3956D46DE8}") = "Infrastructure", "Infrastructure", "{373F4F3E-251C-41E0-A613-6AD77B5507A1}"
EndProject
Project("{2150E333-8FDC-42A3-9474-1A3956D46DE8}") = "Category", "Category", "{7259E47C-F90C-4A52-AD57-7D578535D633}"
EndProject
Project("{2150E333-8FDC-42A3-9474-1A3956D46DE8}") = "Chat", "Chat", "{93D410FD-209A-4B6B-B0B1-ABB301C6404F}"
EndProject
Project("{2150E333-8FDC-42A3-9474-1A3956D46DE8}") = "Cp", "Cp", "{AF3C93BB-8F4F-4F18-88E8-DDFA634AB8D6}"
EndProject
Project("{2150E333-8FDC-42A3-9474-1A3956D46DE8}") = "Follow", "Follow", "{C87110CD-1EF1-47D0-86F5-2301F335D053}"
EndProject
Project("{2150E333-8FDC-42A3-9474-1A3956D46DE8}") = "Mission", "Mission", "{C7567909-F6FB-4576-8A8F-DE29F680424C}"
EndProject
Project("{2150E333-8FDC-42A3-9474-1A3956D46DE8}") = "Notification", "Notification", "{7F510036-39EC-43BD-83A3-C07DDCB6FF83}"
EndProject
Project("{2150E333-8FDC-42A3-9474-1A3956D46DE8}") = "Post", "Post", "{D3606629-95BA-4A69-B314-FE83E1BE6C07}"
EndProject
Project("{2150E333-8FDC-42A3-9474-1A3956D46DE8}") = "Question", "Question", "{A063B8C0-3FDC-4355-805F-32FC8EB87CAD}"
EndProject
Project("{2150E333-8FDC-42A3-9474-1A3956D46DE8}") = "Signalr", "Signalr", "{72ED0AE4-A651-4E7F-8C52-61FD88D68E1F}"
EndProject
Project("{2150E333-8FDC-42A3-9474-1A3956D46DE8}") = "Duel", "Duel", "{449AC6C1-F6AA-4D2F-A3F8-FE168A571CDC}"
EndProject
Project("{2150E333-8FDC-42A3-9474-1A3956D46DE8}") = "Category", "Category", "{B99F3777-5F4F-41DE-83B7-F48BAE10AB17}"
EndProject
Project("{2150E333-8FDC-42A3-9474-1A3956D46DE8}") = "Chat", "Chat", "{B04A0415-2FB6-4615-A594-FC8E23C64914}"
EndProject
Project("{2150E333-8FDC-42A3-9474-1A3956D46DE8}") = "Cp", "Cp", "{6A20D9E4-D825-4529-9131-D1E0188C91C1}"
EndProject
Project("{2150E333-8FDC-42A3-9474-1A3956D46DE8}") = "Duel", "Duel", "{874058E5-83BC-4CC0-ACF2-AB91D632FE5D}"
EndProject
Project("{2150E333-8FDC-42A3-9474-1A3956D46DE8}") = "Follow", "Follow", "{B5D4B7AA-6139-49ED-8874-44AD8B124391}"
EndProject
Project("{2150E333-8FDC-42A3-9474-1A3956D46DE8}") = "Mission", "Mission", "{C62342B0-851A-4DE2-A651-159C72D7826C}"
EndProject
Project("{2150E333-8FDC-42A3-9474-1A3956D46DE8}") = "Notification", "Notification", "{DA100096-1357-465F-977C-39A372BC3CEB}"
EndProject
Project("{2150E333-8FDC-42A3-9474-1A3956D46DE8}") = "Post", "Post", "{3B1B0504-BF4C-45E3-8D05-A9DED84D6C29}"
EndProject
Project("{2150E333-8FDC-42A3-9474-1A3956D46DE8}") = "Question", "Question", "{EBBC67BD-89D4-4EDD-8A50-345389E8ECB9}"
EndProject
Project("{2150E333-8FDC-42A3-9474-1A3956D46DE8}") = "Signalr", "Signalr", "{09A3EA09-C374-4375-8C18-E5DEE8A10154}"
EndProject
Project("{2150E333-8FDC-42A3-9474-1A3956D46DE8}") = "Shared Code", "Shared Code", "{828CB980-3366-4184-AF85-A85F9067145D}"
EndProject
Project("{2150E333-8FDC-42A3-9474-1A3956D46DE8}") = "Targets", "Targets", "{1711FE2F-6A91-431C-A04A-66D331217285}"
EndProject
Project("{2150E333-8FDC-42A3-9474-1A3956D46DE8}") = "Category", "Category", "{BCD03D76-C2E1-40CF-BE81-1B23681F70E2}"
EndProject
Project("{2150E333-8FDC-42A3-9474-1A3956D46DE8}") = "Chat", "Chat", "{FFC36A41-43EA-42F1-9517-21976ECFD2B8}"
EndProject
Project("{2150E333-8FDC-42A3-9474-1A3956D46DE8}") = "Cp", "Cp", "{3D1FFAD0-BD50-4F1D-9823-94C98E15E265}"
EndProject
Project("{2150E333-8FDC-42A3-9474-1A3956D46DE8}") = "Duel", "Duel", "{788BD32C-8A7F-44BD-BFB4-1E06A86ED170}"
EndProject
Project("{2150E333-8FDC-42A3-9474-1A3956D46DE8}") = "Follow", "Follow", "{C5E5DD24-6AB9-40DB-B7F2-319333C94BFA}"
EndProject
Project("{2150E333-8FDC-42A3-9474-1A3956D46DE8}") = "Identity", "Identity", "{8824DEFB-342B-478D-80E6-63EDF28AA3EA}"
EndProject
Project("{2150E333-8FDC-42A3-9474-1A3956D46DE8}") = "Mission", "Mission", "{8DDE7893-937C-497D-AB82-31C80BB8C76D}"
EndProject
Project("{2150E333-8FDC-42A3-9474-1A3956D46DE8}") = "Notification", "Notification", "{AFCEB340-174B-48BA-9CA1-8B7410F2EEDE}"
EndProject
Project("{2150E333-8FDC-42A3-9474-1A3956D46DE8}") = "Post", "Post", "{929FEEB1-1A94-4F71-B53F-660AEDF54B1A}"
EndProject
Project("{2150E333-8FDC-42A3-9474-1A3956D46DE8}") = "Question", "Question", "{FFEBB6F8-792B-40C8-8652-ED7D5CFD6BE0}"
EndProject
Project("{2150E333-8FDC-42A3-9474-1A3956D46DE8}") = "Signalr", "Signalr", "{F39FEB61-5E04-429A-93D9-9FCEAE571E3D}"
EndProject
Project("{9A19103F-16F7-4668-BE54-9A1E7A4F7556}") = "ContestPark.SiloHost", "src\BuildingBlocks\SiloHost\ContestPark.SiloHost\ContestPark.SiloHost.csproj", "{184E3D0D-B646-4F72-B382-172A36272F87}"
EndProject
Project("{E53339B2-1760-4266-BCC7-CA923CBCF16C}") = "docker-compose", "docker-compose.dcproj", "{937637FC-C0C1-4B2D-A200-6E0A6700B1AE}"
EndProject
Project("{9A19103F-16F7-4668-BE54-9A1E7A4F7556}") = "ContestPark.Category.API", "src\Services\Category\ContestPark.Category.API\ContestPark.Category.API.csproj", "{D5FCC975-948E-44A8-AB5C-A1113F32AC45}"
EndProject
Project("{9A19103F-16F7-4668-BE54-9A1E7A4F7556}") = "ContestPark.Core.OrleansClient", "src\BuildingBlocks\Core\ContestPark.Core.OrleansClient\ContestPark.Core.OrleansClient.csproj", "{78EE66E7-6F3E-43A1-813A-39970EAF6119}"
EndProject
Project("{9A19103F-16F7-4668-BE54-9A1E7A4F7556}") = "ContestPark.Core.Domain", "src\BuildingBlocks\Core\ContestPark.Core.Domain\ContestPark.Core.Domain.csproj", "{B0069D3A-364F-42C4-8E7B-6D93626822F3}"
EndProject
Project("{9A19103F-16F7-4668-BE54-9A1E7A4F7556}") = "ContestPark.Core", "src\BuildingBlocks\Core\ContestPark.Core\ContestPark.Core.csproj", "{719CF35E-C47B-4BE6-931D-84E10E2EE4E4}"
EndProject
Project("{9A19103F-16F7-4668-BE54-9A1E7A4F7556}") = "ContestPark.Core.Service", "src\BuildingBlocks\Core\New folder\ContestPark.Core.Service\ContestPark.Core.Service.csproj", "{051B9918-D22D-4E2F-8A4A-F5A8E21E70A8}"
EndProject
Project("{9A19103F-16F7-4668-BE54-9A1E7A4F7556}") = "ContestPark.Identity.API", "src\Services\Identity\ContestPark.Identity.API\ContestPark.Identity.API.csproj", "{30217281-C4B4-4978-B313-C14E11108306}"
EndProject
Project("{9A19103F-16F7-4668-BE54-9A1E7A4F7556}") = "ContestPark.Domain.Cp", "src\Domain\Cp\ContestPark.Domain.Cp\ContestPark.Domain.Cp.csproj", "{7F827B0F-AEE0-4AD1-A92D-BC7A6E5DA90A}"
EndProject
Project("{9A19103F-16F7-4668-BE54-9A1E7A4F7556}") = "ContestPark.Domain.Category", "src\Domain\Category\ContestPark.Domain.Category\ContestPark.Domain.Category.csproj", "{027284C3-FC2F-42D5-ACBF-C084645B2F24}"
EndProject
Project("{9A19103F-16F7-4668-BE54-9A1E7A4F7556}") = "ContestPark.Infrastructure.Cp", "src\Infrastructure\Cp\ContestPark.Infrastructure.Cp\ContestPark.Infrastructure.Cp.csproj", "{676B6A0C-15CB-4339-852B-98D8A921CD77}"
EndProject
Project("{9A19103F-16F7-4668-BE54-9A1E7A4F7556}") = "ContestPark.Infrastructure.Category", "src\Infrastructure\Category\ContestPark.Infrastructure.Category\ContestPark.Infrastructure.Category.csproj", "{73C6185F-AA08-4903-8F7E-3A7EC49B7EC8}"
EndProject
Project("{9A19103F-16F7-4668-BE54-9A1E7A4F7556}") = "ContestPark.Cp.API", "src\Services\Cp\ContestPark.Cp.API\ContestPark.Cp.API.csproj", "{F6DEFBA5-FCF2-46E3-BA1F-EEDE14FCBC4B}"
EndProject
Project("{9A19103F-16F7-4668-BE54-9A1E7A4F7556}") = "ContestPark.Domain.Duel", "src\Domain\Duel\ContestPark.Domain.Duel\ContestPark.Domain.Duel.csproj", "{91374B47-B944-441F-B88C-4474BACF5647}"
EndProject
Project("{9A19103F-16F7-4668-BE54-9A1E7A4F7556}") = "ContestPark.Infrastructure.Duel", "src\Infrastructure\Duel\ContestPark.Infrastructure.Duel\ContestPark.Infrastructure.Duel.csproj", "{CD967F0C-4223-4DA6-A27A-AC49CAF57944}"
EndProject
Project("{9A19103F-16F7-4668-BE54-9A1E7A4F7556}") = "ContestPark.Duel.API", "src\Services\Duel\ContestPark.Duel.API\ContestPark.Duel.API.csproj", "{47504C62-32F9-4A4C-A789-D185D3C2D5D5}"
EndProject
Project("{2150E333-8FDC-42A3-9474-1A3956D46DE8}") = "Identity", "Identity", "{C7225CFF-3773-4029-9DD7-C7F45B1B02FE}"
EndProject
Project("{9A19103F-16F7-4668-BE54-9A1E7A4F7556}") = "ContestPark.Domain.Identity", "src\Domain\Identity\ContestPark.Domain.Identity\ContestPark.Domain.Identity.csproj", "{2F905B89-1041-4475-A232-EE833B3E1EEB}"
EndProject
Project("{2150E333-8FDC-42A3-9474-1A3956D46DE8}") = "Identity", "Identity", "{F23A5215-FE2E-480C-AB2C-2D5F097C36C6}"
EndProject
Project("{9A19103F-16F7-4668-BE54-9A1E7A4F7556}") = "ContestPark.Infrastructure.Identity", "src\Infrastructure\Identity\ContestPark.Infrastructure.Identity\ContestPark.Infrastructure.Identity.csproj", "{407D69D7-6E46-4B54-8C4B-5C098BD26AF5}"
EndProject
Project("{9A19103F-16F7-4668-BE54-9A1E7A4F7556}") = "ContestPark.Infrastructure.Signalr", "src\Infrastructure\Signalr\ContestPark.Infrastructure.Signalr\ContestPark.Infrastructure.Signalr.csproj", "{7744E6FA-8D0C-446B-95CE-FB94BD50D865}"
EndProject
Project("{9A19103F-16F7-4668-BE54-9A1E7A4F7556}") = "ContestPark.Domain.Signalr", "src\Domain\Signalr\ContestPark.Domain.Signalr\ContestPark.Domain.Signalr.csproj", "{8D528E18-3BCD-45AD-B796-5D305541A12F}"
EndProject
Project("{9A19103F-16F7-4668-BE54-9A1E7A4F7556}") = "ContestPark.Signalr.API", "src\Services\Signalr\ContestPark.Signalr.API\ContestPark.Signalr.API.csproj", "{E8FC1C8E-952B-4487-BE74-E236ADE7AB4A}"
EndProject
Project("{9A19103F-16F7-4668-BE54-9A1E7A4F7556}") = "ContestPark.Domain.Question", "src\Domain\Question\ContestPark.Domain.Question\ContestPark.Domain.Question.csproj", "{3F1A103D-3EF8-49CC-B581-7976AF073C1C}"
EndProject
Project("{9A19103F-16F7-4668-BE54-9A1E7A4F7556}") = "ContestPark.Infrastructure.Question", "src\Infrastructure\Question\ContestPark.Infrastructure.Question\ContestPark.Infrastructure.Question.csproj", "{DCC6A19E-DC5B-43D5-99CE-827B2B9AB882}"
EndProject
Project("{9A19103F-16F7-4668-BE54-9A1E7A4F7556}") = "ContestPark.OcelotApiGw", "src\BuildingBlocks\ApiGateways\ContestPark.OcelotApiGw\ContestPark.OcelotApiGw.csproj", "{790941F9-0A0C-41C9-843E-16F94E0E5F3E}"
EndProject
Project("{9A19103F-16F7-4668-BE54-9A1E7A4F7556}") = "ContestPark.Mobile", "src\Mobile Apps\ContestPark.Mobile\ContestPark.Mobile\ContestPark.Mobile.csproj", "{D4DED53E-69AA-41EB-84A2-46C708698B32}"
EndProject
Project("{FAE04EC0-301F-11D3-BF4B-00C04F79EFBC}") = "ContestPark.Mobile.Android", "src\Mobile Apps\ContestPark.Mobile\ContestPark.Mobile.Android\ContestPark.Mobile.Android.csproj", "{3582E496-63BA-451B-BB06-D0369FAC17F1}"
EndProject
Project("{FAE04EC0-301F-11D3-BF4B-00C04F79EFBC}") = "ContestPark.Mobile.iOS", "src\Mobile Apps\ContestPark.Mobile\ContestPark.Mobile.iOS\ContestPark.Mobile.iOS.csproj", "{5C9F264C-2300-49CB-AD07-4E29F1B3373F}"
EndProject
Global
	GlobalSection(SolutionConfigurationPlatforms) = preSolution
		Ad-Hoc|Any CPU = Ad-Hoc|Any CPU
		Ad-Hoc|iPhone = Ad-Hoc|iPhone
		Ad-Hoc|iPhoneSimulator = Ad-Hoc|iPhoneSimulator
		AppStore|Any CPU = AppStore|Any CPU
		AppStore|iPhone = AppStore|iPhone
		AppStore|iPhoneSimulator = AppStore|iPhoneSimulator
		Debug|Any CPU = Debug|Any CPU
		Debug|iPhone = Debug|iPhone
		Debug|iPhoneSimulator = Debug|iPhoneSimulator
		Release|Any CPU = Release|Any CPU
		Release|iPhone = Release|iPhone
		Release|iPhoneSimulator = Release|iPhoneSimulator
	EndGlobalSection
	GlobalSection(ProjectConfigurationPlatforms) = postSolution
		{184E3D0D-B646-4F72-B382-172A36272F87}.Ad-Hoc|Any CPU.ActiveCfg = Release|Any CPU
		{184E3D0D-B646-4F72-B382-172A36272F87}.Ad-Hoc|Any CPU.Build.0 = Release|Any CPU
		{184E3D0D-B646-4F72-B382-172A36272F87}.Ad-Hoc|iPhone.ActiveCfg = Release|Any CPU
		{184E3D0D-B646-4F72-B382-172A36272F87}.Ad-Hoc|iPhone.Build.0 = Release|Any CPU
		{184E3D0D-B646-4F72-B382-172A36272F87}.Ad-Hoc|iPhoneSimulator.ActiveCfg = Release|Any CPU
		{184E3D0D-B646-4F72-B382-172A36272F87}.Ad-Hoc|iPhoneSimulator.Build.0 = Release|Any CPU
		{184E3D0D-B646-4F72-B382-172A36272F87}.AppStore|Any CPU.ActiveCfg = Release|Any CPU
		{184E3D0D-B646-4F72-B382-172A36272F87}.AppStore|Any CPU.Build.0 = Release|Any CPU
		{184E3D0D-B646-4F72-B382-172A36272F87}.AppStore|iPhone.ActiveCfg = Release|Any CPU
		{184E3D0D-B646-4F72-B382-172A36272F87}.AppStore|iPhone.Build.0 = Release|Any CPU
		{184E3D0D-B646-4F72-B382-172A36272F87}.AppStore|iPhoneSimulator.ActiveCfg = Release|Any CPU
		{184E3D0D-B646-4F72-B382-172A36272F87}.AppStore|iPhoneSimulator.Build.0 = Release|Any CPU
		{184E3D0D-B646-4F72-B382-172A36272F87}.Debug|Any CPU.ActiveCfg = Debug|Any CPU
		{184E3D0D-B646-4F72-B382-172A36272F87}.Debug|Any CPU.Build.0 = Debug|Any CPU
		{184E3D0D-B646-4F72-B382-172A36272F87}.Debug|iPhone.ActiveCfg = Debug|Any CPU
		{184E3D0D-B646-4F72-B382-172A36272F87}.Debug|iPhone.Build.0 = Debug|Any CPU
		{184E3D0D-B646-4F72-B382-172A36272F87}.Debug|iPhoneSimulator.ActiveCfg = Debug|Any CPU
		{184E3D0D-B646-4F72-B382-172A36272F87}.Debug|iPhoneSimulator.Build.0 = Debug|Any CPU
		{184E3D0D-B646-4F72-B382-172A36272F87}.Release|Any CPU.ActiveCfg = Release|Any CPU
		{184E3D0D-B646-4F72-B382-172A36272F87}.Release|Any CPU.Build.0 = Release|Any CPU
		{184E3D0D-B646-4F72-B382-172A36272F87}.Release|iPhone.ActiveCfg = Release|Any CPU
		{184E3D0D-B646-4F72-B382-172A36272F87}.Release|iPhone.Build.0 = Release|Any CPU
		{184E3D0D-B646-4F72-B382-172A36272F87}.Release|iPhoneSimulator.ActiveCfg = Release|Any CPU
		{184E3D0D-B646-4F72-B382-172A36272F87}.Release|iPhoneSimulator.Build.0 = Release|Any CPU
		{937637FC-C0C1-4B2D-A200-6E0A6700B1AE}.Ad-Hoc|Any CPU.ActiveCfg = Release|Any CPU
		{937637FC-C0C1-4B2D-A200-6E0A6700B1AE}.Ad-Hoc|Any CPU.Build.0 = Release|Any CPU
		{937637FC-C0C1-4B2D-A200-6E0A6700B1AE}.Ad-Hoc|iPhone.ActiveCfg = Release|Any CPU
		{937637FC-C0C1-4B2D-A200-6E0A6700B1AE}.Ad-Hoc|iPhone.Build.0 = Release|Any CPU
		{937637FC-C0C1-4B2D-A200-6E0A6700B1AE}.Ad-Hoc|iPhoneSimulator.ActiveCfg = Release|Any CPU
		{937637FC-C0C1-4B2D-A200-6E0A6700B1AE}.Ad-Hoc|iPhoneSimulator.Build.0 = Release|Any CPU
		{937637FC-C0C1-4B2D-A200-6E0A6700B1AE}.AppStore|Any CPU.ActiveCfg = Release|Any CPU
		{937637FC-C0C1-4B2D-A200-6E0A6700B1AE}.AppStore|Any CPU.Build.0 = Release|Any CPU
		{937637FC-C0C1-4B2D-A200-6E0A6700B1AE}.AppStore|iPhone.ActiveCfg = Release|Any CPU
		{937637FC-C0C1-4B2D-A200-6E0A6700B1AE}.AppStore|iPhone.Build.0 = Release|Any CPU
		{937637FC-C0C1-4B2D-A200-6E0A6700B1AE}.AppStore|iPhoneSimulator.ActiveCfg = Release|Any CPU
		{937637FC-C0C1-4B2D-A200-6E0A6700B1AE}.AppStore|iPhoneSimulator.Build.0 = Release|Any CPU
		{937637FC-C0C1-4B2D-A200-6E0A6700B1AE}.Debug|Any CPU.ActiveCfg = Debug|Any CPU
		{937637FC-C0C1-4B2D-A200-6E0A6700B1AE}.Debug|Any CPU.Build.0 = Debug|Any CPU
		{937637FC-C0C1-4B2D-A200-6E0A6700B1AE}.Debug|iPhone.ActiveCfg = Debug|Any CPU
		{937637FC-C0C1-4B2D-A200-6E0A6700B1AE}.Debug|iPhone.Build.0 = Debug|Any CPU
		{937637FC-C0C1-4B2D-A200-6E0A6700B1AE}.Debug|iPhoneSimulator.ActiveCfg = Debug|Any CPU
		{937637FC-C0C1-4B2D-A200-6E0A6700B1AE}.Debug|iPhoneSimulator.Build.0 = Debug|Any CPU
		{937637FC-C0C1-4B2D-A200-6E0A6700B1AE}.Release|Any CPU.ActiveCfg = Release|Any CPU
		{937637FC-C0C1-4B2D-A200-6E0A6700B1AE}.Release|Any CPU.Build.0 = Release|Any CPU
		{937637FC-C0C1-4B2D-A200-6E0A6700B1AE}.Release|iPhone.ActiveCfg = Release|Any CPU
		{937637FC-C0C1-4B2D-A200-6E0A6700B1AE}.Release|iPhone.Build.0 = Release|Any CPU
		{937637FC-C0C1-4B2D-A200-6E0A6700B1AE}.Release|iPhoneSimulator.ActiveCfg = Release|Any CPU
		{937637FC-C0C1-4B2D-A200-6E0A6700B1AE}.Release|iPhoneSimulator.Build.0 = Release|Any CPU
		{D5FCC975-948E-44A8-AB5C-A1113F32AC45}.Ad-Hoc|Any CPU.ActiveCfg = Release|Any CPU
		{D5FCC975-948E-44A8-AB5C-A1113F32AC45}.Ad-Hoc|Any CPU.Build.0 = Release|Any CPU
		{D5FCC975-948E-44A8-AB5C-A1113F32AC45}.Ad-Hoc|iPhone.ActiveCfg = Release|Any CPU
		{D5FCC975-948E-44A8-AB5C-A1113F32AC45}.Ad-Hoc|iPhone.Build.0 = Release|Any CPU
		{D5FCC975-948E-44A8-AB5C-A1113F32AC45}.Ad-Hoc|iPhoneSimulator.ActiveCfg = Release|Any CPU
		{D5FCC975-948E-44A8-AB5C-A1113F32AC45}.Ad-Hoc|iPhoneSimulator.Build.0 = Release|Any CPU
		{D5FCC975-948E-44A8-AB5C-A1113F32AC45}.AppStore|Any CPU.ActiveCfg = Release|Any CPU
		{D5FCC975-948E-44A8-AB5C-A1113F32AC45}.AppStore|Any CPU.Build.0 = Release|Any CPU
		{D5FCC975-948E-44A8-AB5C-A1113F32AC45}.AppStore|iPhone.ActiveCfg = Release|Any CPU
		{D5FCC975-948E-44A8-AB5C-A1113F32AC45}.AppStore|iPhone.Build.0 = Release|Any CPU
		{D5FCC975-948E-44A8-AB5C-A1113F32AC45}.AppStore|iPhoneSimulator.ActiveCfg = Release|Any CPU
		{D5FCC975-948E-44A8-AB5C-A1113F32AC45}.AppStore|iPhoneSimulator.Build.0 = Release|Any CPU
		{D5FCC975-948E-44A8-AB5C-A1113F32AC45}.Debug|Any CPU.ActiveCfg = Debug|Any CPU
		{D5FCC975-948E-44A8-AB5C-A1113F32AC45}.Debug|Any CPU.Build.0 = Debug|Any CPU
		{D5FCC975-948E-44A8-AB5C-A1113F32AC45}.Debug|iPhone.ActiveCfg = Debug|Any CPU
		{D5FCC975-948E-44A8-AB5C-A1113F32AC45}.Debug|iPhone.Build.0 = Debug|Any CPU
		{D5FCC975-948E-44A8-AB5C-A1113F32AC45}.Debug|iPhoneSimulator.ActiveCfg = Debug|Any CPU
		{D5FCC975-948E-44A8-AB5C-A1113F32AC45}.Debug|iPhoneSimulator.Build.0 = Debug|Any CPU
		{D5FCC975-948E-44A8-AB5C-A1113F32AC45}.Release|Any CPU.ActiveCfg = Release|Any CPU
		{D5FCC975-948E-44A8-AB5C-A1113F32AC45}.Release|Any CPU.Build.0 = Release|Any CPU
		{D5FCC975-948E-44A8-AB5C-A1113F32AC45}.Release|iPhone.ActiveCfg = Release|Any CPU
		{D5FCC975-948E-44A8-AB5C-A1113F32AC45}.Release|iPhone.Build.0 = Release|Any CPU
		{D5FCC975-948E-44A8-AB5C-A1113F32AC45}.Release|iPhoneSimulator.ActiveCfg = Release|Any CPU
		{D5FCC975-948E-44A8-AB5C-A1113F32AC45}.Release|iPhoneSimulator.Build.0 = Release|Any CPU
		{78EE66E7-6F3E-43A1-813A-39970EAF6119}.Ad-Hoc|Any CPU.ActiveCfg = Release|Any CPU
		{78EE66E7-6F3E-43A1-813A-39970EAF6119}.Ad-Hoc|Any CPU.Build.0 = Release|Any CPU
		{78EE66E7-6F3E-43A1-813A-39970EAF6119}.Ad-Hoc|iPhone.ActiveCfg = Release|Any CPU
		{78EE66E7-6F3E-43A1-813A-39970EAF6119}.Ad-Hoc|iPhone.Build.0 = Release|Any CPU
		{78EE66E7-6F3E-43A1-813A-39970EAF6119}.Ad-Hoc|iPhoneSimulator.ActiveCfg = Release|Any CPU
		{78EE66E7-6F3E-43A1-813A-39970EAF6119}.Ad-Hoc|iPhoneSimulator.Build.0 = Release|Any CPU
		{78EE66E7-6F3E-43A1-813A-39970EAF6119}.AppStore|Any CPU.ActiveCfg = Release|Any CPU
		{78EE66E7-6F3E-43A1-813A-39970EAF6119}.AppStore|Any CPU.Build.0 = Release|Any CPU
		{78EE66E7-6F3E-43A1-813A-39970EAF6119}.AppStore|iPhone.ActiveCfg = Release|Any CPU
		{78EE66E7-6F3E-43A1-813A-39970EAF6119}.AppStore|iPhone.Build.0 = Release|Any CPU
		{78EE66E7-6F3E-43A1-813A-39970EAF6119}.AppStore|iPhoneSimulator.ActiveCfg = Release|Any CPU
		{78EE66E7-6F3E-43A1-813A-39970EAF6119}.AppStore|iPhoneSimulator.Build.0 = Release|Any CPU
		{78EE66E7-6F3E-43A1-813A-39970EAF6119}.Debug|Any CPU.ActiveCfg = Debug|Any CPU
		{78EE66E7-6F3E-43A1-813A-39970EAF6119}.Debug|Any CPU.Build.0 = Debug|Any CPU
		{78EE66E7-6F3E-43A1-813A-39970EAF6119}.Debug|iPhone.ActiveCfg = Debug|Any CPU
		{78EE66E7-6F3E-43A1-813A-39970EAF6119}.Debug|iPhone.Build.0 = Debug|Any CPU
		{78EE66E7-6F3E-43A1-813A-39970EAF6119}.Debug|iPhoneSimulator.ActiveCfg = Debug|Any CPU
		{78EE66E7-6F3E-43A1-813A-39970EAF6119}.Debug|iPhoneSimulator.Build.0 = Debug|Any CPU
		{78EE66E7-6F3E-43A1-813A-39970EAF6119}.Release|Any CPU.ActiveCfg = Release|Any CPU
		{78EE66E7-6F3E-43A1-813A-39970EAF6119}.Release|Any CPU.Build.0 = Release|Any CPU
		{78EE66E7-6F3E-43A1-813A-39970EAF6119}.Release|iPhone.ActiveCfg = Release|Any CPU
		{78EE66E7-6F3E-43A1-813A-39970EAF6119}.Release|iPhone.Build.0 = Release|Any CPU
		{78EE66E7-6F3E-43A1-813A-39970EAF6119}.Release|iPhoneSimulator.ActiveCfg = Release|Any CPU
		{78EE66E7-6F3E-43A1-813A-39970EAF6119}.Release|iPhoneSimulator.Build.0 = Release|Any CPU
		{B0069D3A-364F-42C4-8E7B-6D93626822F3}.Ad-Hoc|Any CPU.ActiveCfg = Release|Any CPU
		{B0069D3A-364F-42C4-8E7B-6D93626822F3}.Ad-Hoc|Any CPU.Build.0 = Release|Any CPU
		{B0069D3A-364F-42C4-8E7B-6D93626822F3}.Ad-Hoc|iPhone.ActiveCfg = Release|Any CPU
		{B0069D3A-364F-42C4-8E7B-6D93626822F3}.Ad-Hoc|iPhone.Build.0 = Release|Any CPU
		{B0069D3A-364F-42C4-8E7B-6D93626822F3}.Ad-Hoc|iPhoneSimulator.ActiveCfg = Release|Any CPU
		{B0069D3A-364F-42C4-8E7B-6D93626822F3}.Ad-Hoc|iPhoneSimulator.Build.0 = Release|Any CPU
		{B0069D3A-364F-42C4-8E7B-6D93626822F3}.AppStore|Any CPU.ActiveCfg = Release|Any CPU
		{B0069D3A-364F-42C4-8E7B-6D93626822F3}.AppStore|Any CPU.Build.0 = Release|Any CPU
		{B0069D3A-364F-42C4-8E7B-6D93626822F3}.AppStore|iPhone.ActiveCfg = Release|Any CPU
		{B0069D3A-364F-42C4-8E7B-6D93626822F3}.AppStore|iPhone.Build.0 = Release|Any CPU
		{B0069D3A-364F-42C4-8E7B-6D93626822F3}.AppStore|iPhoneSimulator.ActiveCfg = Release|Any CPU
		{B0069D3A-364F-42C4-8E7B-6D93626822F3}.AppStore|iPhoneSimulator.Build.0 = Release|Any CPU
		{B0069D3A-364F-42C4-8E7B-6D93626822F3}.Debug|Any CPU.ActiveCfg = Debug|Any CPU
		{B0069D3A-364F-42C4-8E7B-6D93626822F3}.Debug|Any CPU.Build.0 = Debug|Any CPU
		{B0069D3A-364F-42C4-8E7B-6D93626822F3}.Debug|iPhone.ActiveCfg = Debug|Any CPU
		{B0069D3A-364F-42C4-8E7B-6D93626822F3}.Debug|iPhone.Build.0 = Debug|Any CPU
		{B0069D3A-364F-42C4-8E7B-6D93626822F3}.Debug|iPhoneSimulator.ActiveCfg = Debug|Any CPU
		{B0069D3A-364F-42C4-8E7B-6D93626822F3}.Debug|iPhoneSimulator.Build.0 = Debug|Any CPU
		{B0069D3A-364F-42C4-8E7B-6D93626822F3}.Release|Any CPU.ActiveCfg = Release|Any CPU
		{B0069D3A-364F-42C4-8E7B-6D93626822F3}.Release|Any CPU.Build.0 = Release|Any CPU
		{B0069D3A-364F-42C4-8E7B-6D93626822F3}.Release|iPhone.ActiveCfg = Release|Any CPU
		{B0069D3A-364F-42C4-8E7B-6D93626822F3}.Release|iPhone.Build.0 = Release|Any CPU
		{B0069D3A-364F-42C4-8E7B-6D93626822F3}.Release|iPhoneSimulator.ActiveCfg = Release|Any CPU
		{B0069D3A-364F-42C4-8E7B-6D93626822F3}.Release|iPhoneSimulator.Build.0 = Release|Any CPU
		{719CF35E-C47B-4BE6-931D-84E10E2EE4E4}.Ad-Hoc|Any CPU.ActiveCfg = Release|Any CPU
		{719CF35E-C47B-4BE6-931D-84E10E2EE4E4}.Ad-Hoc|Any CPU.Build.0 = Release|Any CPU
		{719CF35E-C47B-4BE6-931D-84E10E2EE4E4}.Ad-Hoc|iPhone.ActiveCfg = Release|Any CPU
		{719CF35E-C47B-4BE6-931D-84E10E2EE4E4}.Ad-Hoc|iPhone.Build.0 = Release|Any CPU
		{719CF35E-C47B-4BE6-931D-84E10E2EE4E4}.Ad-Hoc|iPhoneSimulator.ActiveCfg = Release|Any CPU
		{719CF35E-C47B-4BE6-931D-84E10E2EE4E4}.Ad-Hoc|iPhoneSimulator.Build.0 = Release|Any CPU
		{719CF35E-C47B-4BE6-931D-84E10E2EE4E4}.AppStore|Any CPU.ActiveCfg = Release|Any CPU
		{719CF35E-C47B-4BE6-931D-84E10E2EE4E4}.AppStore|Any CPU.Build.0 = Release|Any CPU
		{719CF35E-C47B-4BE6-931D-84E10E2EE4E4}.AppStore|iPhone.ActiveCfg = Release|Any CPU
		{719CF35E-C47B-4BE6-931D-84E10E2EE4E4}.AppStore|iPhone.Build.0 = Release|Any CPU
		{719CF35E-C47B-4BE6-931D-84E10E2EE4E4}.AppStore|iPhoneSimulator.ActiveCfg = Release|Any CPU
		{719CF35E-C47B-4BE6-931D-84E10E2EE4E4}.AppStore|iPhoneSimulator.Build.0 = Release|Any CPU
		{719CF35E-C47B-4BE6-931D-84E10E2EE4E4}.Debug|Any CPU.ActiveCfg = Debug|Any CPU
		{719CF35E-C47B-4BE6-931D-84E10E2EE4E4}.Debug|Any CPU.Build.0 = Debug|Any CPU
		{719CF35E-C47B-4BE6-931D-84E10E2EE4E4}.Debug|iPhone.ActiveCfg = Debug|Any CPU
		{719CF35E-C47B-4BE6-931D-84E10E2EE4E4}.Debug|iPhone.Build.0 = Debug|Any CPU
		{719CF35E-C47B-4BE6-931D-84E10E2EE4E4}.Debug|iPhoneSimulator.ActiveCfg = Debug|Any CPU
		{719CF35E-C47B-4BE6-931D-84E10E2EE4E4}.Debug|iPhoneSimulator.Build.0 = Debug|Any CPU
		{719CF35E-C47B-4BE6-931D-84E10E2EE4E4}.Release|Any CPU.ActiveCfg = Release|Any CPU
		{719CF35E-C47B-4BE6-931D-84E10E2EE4E4}.Release|Any CPU.Build.0 = Release|Any CPU
		{719CF35E-C47B-4BE6-931D-84E10E2EE4E4}.Release|iPhone.ActiveCfg = Release|Any CPU
		{719CF35E-C47B-4BE6-931D-84E10E2EE4E4}.Release|iPhone.Build.0 = Release|Any CPU
		{719CF35E-C47B-4BE6-931D-84E10E2EE4E4}.Release|iPhoneSimulator.ActiveCfg = Release|Any CPU
		{719CF35E-C47B-4BE6-931D-84E10E2EE4E4}.Release|iPhoneSimulator.Build.0 = Release|Any CPU
		{051B9918-D22D-4E2F-8A4A-F5A8E21E70A8}.Ad-Hoc|Any CPU.ActiveCfg = Release|Any CPU
		{051B9918-D22D-4E2F-8A4A-F5A8E21E70A8}.Ad-Hoc|Any CPU.Build.0 = Release|Any CPU
		{051B9918-D22D-4E2F-8A4A-F5A8E21E70A8}.Ad-Hoc|iPhone.ActiveCfg = Release|Any CPU
		{051B9918-D22D-4E2F-8A4A-F5A8E21E70A8}.Ad-Hoc|iPhone.Build.0 = Release|Any CPU
		{051B9918-D22D-4E2F-8A4A-F5A8E21E70A8}.Ad-Hoc|iPhoneSimulator.ActiveCfg = Release|Any CPU
		{051B9918-D22D-4E2F-8A4A-F5A8E21E70A8}.Ad-Hoc|iPhoneSimulator.Build.0 = Release|Any CPU
		{051B9918-D22D-4E2F-8A4A-F5A8E21E70A8}.AppStore|Any CPU.ActiveCfg = Release|Any CPU
		{051B9918-D22D-4E2F-8A4A-F5A8E21E70A8}.AppStore|Any CPU.Build.0 = Release|Any CPU
		{051B9918-D22D-4E2F-8A4A-F5A8E21E70A8}.AppStore|iPhone.ActiveCfg = Release|Any CPU
		{051B9918-D22D-4E2F-8A4A-F5A8E21E70A8}.AppStore|iPhone.Build.0 = Release|Any CPU
		{051B9918-D22D-4E2F-8A4A-F5A8E21E70A8}.AppStore|iPhoneSimulator.ActiveCfg = Release|Any CPU
		{051B9918-D22D-4E2F-8A4A-F5A8E21E70A8}.AppStore|iPhoneSimulator.Build.0 = Release|Any CPU
		{051B9918-D22D-4E2F-8A4A-F5A8E21E70A8}.Debug|Any CPU.ActiveCfg = Debug|Any CPU
		{051B9918-D22D-4E2F-8A4A-F5A8E21E70A8}.Debug|Any CPU.Build.0 = Debug|Any CPU
		{051B9918-D22D-4E2F-8A4A-F5A8E21E70A8}.Debug|iPhone.ActiveCfg = Debug|Any CPU
		{051B9918-D22D-4E2F-8A4A-F5A8E21E70A8}.Debug|iPhone.Build.0 = Debug|Any CPU
		{051B9918-D22D-4E2F-8A4A-F5A8E21E70A8}.Debug|iPhoneSimulator.ActiveCfg = Debug|Any CPU
		{051B9918-D22D-4E2F-8A4A-F5A8E21E70A8}.Debug|iPhoneSimulator.Build.0 = Debug|Any CPU
		{051B9918-D22D-4E2F-8A4A-F5A8E21E70A8}.Release|Any CPU.ActiveCfg = Release|Any CPU
		{051B9918-D22D-4E2F-8A4A-F5A8E21E70A8}.Release|Any CPU.Build.0 = Release|Any CPU
		{051B9918-D22D-4E2F-8A4A-F5A8E21E70A8}.Release|iPhone.ActiveCfg = Release|Any CPU
		{051B9918-D22D-4E2F-8A4A-F5A8E21E70A8}.Release|iPhone.Build.0 = Release|Any CPU
		{051B9918-D22D-4E2F-8A4A-F5A8E21E70A8}.Release|iPhoneSimulator.ActiveCfg = Release|Any CPU
		{051B9918-D22D-4E2F-8A4A-F5A8E21E70A8}.Release|iPhoneSimulator.Build.0 = Release|Any CPU
		{30217281-C4B4-4978-B313-C14E11108306}.Ad-Hoc|Any CPU.ActiveCfg = Release|Any CPU
		{30217281-C4B4-4978-B313-C14E11108306}.Ad-Hoc|Any CPU.Build.0 = Release|Any CPU
		{30217281-C4B4-4978-B313-C14E11108306}.Ad-Hoc|iPhone.ActiveCfg = Release|Any CPU
		{30217281-C4B4-4978-B313-C14E11108306}.Ad-Hoc|iPhone.Build.0 = Release|Any CPU
		{30217281-C4B4-4978-B313-C14E11108306}.Ad-Hoc|iPhoneSimulator.ActiveCfg = Release|Any CPU
		{30217281-C4B4-4978-B313-C14E11108306}.Ad-Hoc|iPhoneSimulator.Build.0 = Release|Any CPU
		{30217281-C4B4-4978-B313-C14E11108306}.AppStore|Any CPU.ActiveCfg = Release|Any CPU
		{30217281-C4B4-4978-B313-C14E11108306}.AppStore|Any CPU.Build.0 = Release|Any CPU
		{30217281-C4B4-4978-B313-C14E11108306}.AppStore|iPhone.ActiveCfg = Release|Any CPU
		{30217281-C4B4-4978-B313-C14E11108306}.AppStore|iPhone.Build.0 = Release|Any CPU
		{30217281-C4B4-4978-B313-C14E11108306}.AppStore|iPhoneSimulator.ActiveCfg = Release|Any CPU
		{30217281-C4B4-4978-B313-C14E11108306}.AppStore|iPhoneSimulator.Build.0 = Release|Any CPU
		{30217281-C4B4-4978-B313-C14E11108306}.Debug|Any CPU.ActiveCfg = Debug|Any CPU
		{30217281-C4B4-4978-B313-C14E11108306}.Debug|Any CPU.Build.0 = Debug|Any CPU
		{30217281-C4B4-4978-B313-C14E11108306}.Debug|iPhone.ActiveCfg = Debug|Any CPU
		{30217281-C4B4-4978-B313-C14E11108306}.Debug|iPhone.Build.0 = Debug|Any CPU
		{30217281-C4B4-4978-B313-C14E11108306}.Debug|iPhoneSimulator.ActiveCfg = Debug|Any CPU
		{30217281-C4B4-4978-B313-C14E11108306}.Debug|iPhoneSimulator.Build.0 = Debug|Any CPU
		{30217281-C4B4-4978-B313-C14E11108306}.Release|Any CPU.ActiveCfg = Release|Any CPU
		{30217281-C4B4-4978-B313-C14E11108306}.Release|Any CPU.Build.0 = Release|Any CPU
		{30217281-C4B4-4978-B313-C14E11108306}.Release|iPhone.ActiveCfg = Release|Any CPU
		{30217281-C4B4-4978-B313-C14E11108306}.Release|iPhone.Build.0 = Release|Any CPU
		{30217281-C4B4-4978-B313-C14E11108306}.Release|iPhoneSimulator.ActiveCfg = Release|Any CPU
		{30217281-C4B4-4978-B313-C14E11108306}.Release|iPhoneSimulator.Build.0 = Release|Any CPU
		{7F827B0F-AEE0-4AD1-A92D-BC7A6E5DA90A}.Ad-Hoc|Any CPU.ActiveCfg = Release|Any CPU
		{7F827B0F-AEE0-4AD1-A92D-BC7A6E5DA90A}.Ad-Hoc|Any CPU.Build.0 = Release|Any CPU
		{7F827B0F-AEE0-4AD1-A92D-BC7A6E5DA90A}.Ad-Hoc|iPhone.ActiveCfg = Release|Any CPU
		{7F827B0F-AEE0-4AD1-A92D-BC7A6E5DA90A}.Ad-Hoc|iPhone.Build.0 = Release|Any CPU
		{7F827B0F-AEE0-4AD1-A92D-BC7A6E5DA90A}.Ad-Hoc|iPhoneSimulator.ActiveCfg = Release|Any CPU
		{7F827B0F-AEE0-4AD1-A92D-BC7A6E5DA90A}.Ad-Hoc|iPhoneSimulator.Build.0 = Release|Any CPU
		{7F827B0F-AEE0-4AD1-A92D-BC7A6E5DA90A}.AppStore|Any CPU.ActiveCfg = Release|Any CPU
		{7F827B0F-AEE0-4AD1-A92D-BC7A6E5DA90A}.AppStore|Any CPU.Build.0 = Release|Any CPU
		{7F827B0F-AEE0-4AD1-A92D-BC7A6E5DA90A}.AppStore|iPhone.ActiveCfg = Release|Any CPU
		{7F827B0F-AEE0-4AD1-A92D-BC7A6E5DA90A}.AppStore|iPhone.Build.0 = Release|Any CPU
		{7F827B0F-AEE0-4AD1-A92D-BC7A6E5DA90A}.AppStore|iPhoneSimulator.ActiveCfg = Release|Any CPU
		{7F827B0F-AEE0-4AD1-A92D-BC7A6E5DA90A}.AppStore|iPhoneSimulator.Build.0 = Release|Any CPU
		{7F827B0F-AEE0-4AD1-A92D-BC7A6E5DA90A}.Debug|Any CPU.ActiveCfg = Debug|Any CPU
		{7F827B0F-AEE0-4AD1-A92D-BC7A6E5DA90A}.Debug|Any CPU.Build.0 = Debug|Any CPU
		{7F827B0F-AEE0-4AD1-A92D-BC7A6E5DA90A}.Debug|iPhone.ActiveCfg = Debug|Any CPU
		{7F827B0F-AEE0-4AD1-A92D-BC7A6E5DA90A}.Debug|iPhone.Build.0 = Debug|Any CPU
		{7F827B0F-AEE0-4AD1-A92D-BC7A6E5DA90A}.Debug|iPhoneSimulator.ActiveCfg = Debug|Any CPU
		{7F827B0F-AEE0-4AD1-A92D-BC7A6E5DA90A}.Debug|iPhoneSimulator.Build.0 = Debug|Any CPU
		{7F827B0F-AEE0-4AD1-A92D-BC7A6E5DA90A}.Release|Any CPU.ActiveCfg = Release|Any CPU
		{7F827B0F-AEE0-4AD1-A92D-BC7A6E5DA90A}.Release|Any CPU.Build.0 = Release|Any CPU
		{7F827B0F-AEE0-4AD1-A92D-BC7A6E5DA90A}.Release|iPhone.ActiveCfg = Release|Any CPU
		{7F827B0F-AEE0-4AD1-A92D-BC7A6E5DA90A}.Release|iPhone.Build.0 = Release|Any CPU
		{7F827B0F-AEE0-4AD1-A92D-BC7A6E5DA90A}.Release|iPhoneSimulator.ActiveCfg = Release|Any CPU
		{7F827B0F-AEE0-4AD1-A92D-BC7A6E5DA90A}.Release|iPhoneSimulator.Build.0 = Release|Any CPU
		{027284C3-FC2F-42D5-ACBF-C084645B2F24}.Ad-Hoc|Any CPU.ActiveCfg = Release|Any CPU
		{027284C3-FC2F-42D5-ACBF-C084645B2F24}.Ad-Hoc|Any CPU.Build.0 = Release|Any CPU
		{027284C3-FC2F-42D5-ACBF-C084645B2F24}.Ad-Hoc|iPhone.ActiveCfg = Release|Any CPU
		{027284C3-FC2F-42D5-ACBF-C084645B2F24}.Ad-Hoc|iPhone.Build.0 = Release|Any CPU
		{027284C3-FC2F-42D5-ACBF-C084645B2F24}.Ad-Hoc|iPhoneSimulator.ActiveCfg = Release|Any CPU
		{027284C3-FC2F-42D5-ACBF-C084645B2F24}.Ad-Hoc|iPhoneSimulator.Build.0 = Release|Any CPU
		{027284C3-FC2F-42D5-ACBF-C084645B2F24}.AppStore|Any CPU.ActiveCfg = Release|Any CPU
		{027284C3-FC2F-42D5-ACBF-C084645B2F24}.AppStore|Any CPU.Build.0 = Release|Any CPU
		{027284C3-FC2F-42D5-ACBF-C084645B2F24}.AppStore|iPhone.ActiveCfg = Release|Any CPU
		{027284C3-FC2F-42D5-ACBF-C084645B2F24}.AppStore|iPhone.Build.0 = Release|Any CPU
		{027284C3-FC2F-42D5-ACBF-C084645B2F24}.AppStore|iPhoneSimulator.ActiveCfg = Release|Any CPU
		{027284C3-FC2F-42D5-ACBF-C084645B2F24}.AppStore|iPhoneSimulator.Build.0 = Release|Any CPU
		{027284C3-FC2F-42D5-ACBF-C084645B2F24}.Debug|Any CPU.ActiveCfg = Debug|Any CPU
		{027284C3-FC2F-42D5-ACBF-C084645B2F24}.Debug|Any CPU.Build.0 = Debug|Any CPU
		{027284C3-FC2F-42D5-ACBF-C084645B2F24}.Debug|iPhone.ActiveCfg = Debug|Any CPU
		{027284C3-FC2F-42D5-ACBF-C084645B2F24}.Debug|iPhone.Build.0 = Debug|Any CPU
		{027284C3-FC2F-42D5-ACBF-C084645B2F24}.Debug|iPhoneSimulator.ActiveCfg = Debug|Any CPU
		{027284C3-FC2F-42D5-ACBF-C084645B2F24}.Debug|iPhoneSimulator.Build.0 = Debug|Any CPU
		{027284C3-FC2F-42D5-ACBF-C084645B2F24}.Release|Any CPU.ActiveCfg = Release|Any CPU
		{027284C3-FC2F-42D5-ACBF-C084645B2F24}.Release|Any CPU.Build.0 = Release|Any CPU
		{027284C3-FC2F-42D5-ACBF-C084645B2F24}.Release|iPhone.ActiveCfg = Release|Any CPU
		{027284C3-FC2F-42D5-ACBF-C084645B2F24}.Release|iPhone.Build.0 = Release|Any CPU
		{027284C3-FC2F-42D5-ACBF-C084645B2F24}.Release|iPhoneSimulator.ActiveCfg = Release|Any CPU
		{027284C3-FC2F-42D5-ACBF-C084645B2F24}.Release|iPhoneSimulator.Build.0 = Release|Any CPU
		{676B6A0C-15CB-4339-852B-98D8A921CD77}.Ad-Hoc|Any CPU.ActiveCfg = Release|Any CPU
		{676B6A0C-15CB-4339-852B-98D8A921CD77}.Ad-Hoc|Any CPU.Build.0 = Release|Any CPU
		{676B6A0C-15CB-4339-852B-98D8A921CD77}.Ad-Hoc|iPhone.ActiveCfg = Release|Any CPU
		{676B6A0C-15CB-4339-852B-98D8A921CD77}.Ad-Hoc|iPhone.Build.0 = Release|Any CPU
		{676B6A0C-15CB-4339-852B-98D8A921CD77}.Ad-Hoc|iPhoneSimulator.ActiveCfg = Release|Any CPU
		{676B6A0C-15CB-4339-852B-98D8A921CD77}.Ad-Hoc|iPhoneSimulator.Build.0 = Release|Any CPU
		{676B6A0C-15CB-4339-852B-98D8A921CD77}.AppStore|Any CPU.ActiveCfg = Release|Any CPU
		{676B6A0C-15CB-4339-852B-98D8A921CD77}.AppStore|Any CPU.Build.0 = Release|Any CPU
		{676B6A0C-15CB-4339-852B-98D8A921CD77}.AppStore|iPhone.ActiveCfg = Release|Any CPU
		{676B6A0C-15CB-4339-852B-98D8A921CD77}.AppStore|iPhone.Build.0 = Release|Any CPU
		{676B6A0C-15CB-4339-852B-98D8A921CD77}.AppStore|iPhoneSimulator.ActiveCfg = Release|Any CPU
		{676B6A0C-15CB-4339-852B-98D8A921CD77}.AppStore|iPhoneSimulator.Build.0 = Release|Any CPU
		{676B6A0C-15CB-4339-852B-98D8A921CD77}.Debug|Any CPU.ActiveCfg = Debug|Any CPU
		{676B6A0C-15CB-4339-852B-98D8A921CD77}.Debug|Any CPU.Build.0 = Debug|Any CPU
		{676B6A0C-15CB-4339-852B-98D8A921CD77}.Debug|iPhone.ActiveCfg = Debug|Any CPU
		{676B6A0C-15CB-4339-852B-98D8A921CD77}.Debug|iPhone.Build.0 = Debug|Any CPU
		{676B6A0C-15CB-4339-852B-98D8A921CD77}.Debug|iPhoneSimulator.ActiveCfg = Debug|Any CPU
		{676B6A0C-15CB-4339-852B-98D8A921CD77}.Debug|iPhoneSimulator.Build.0 = Debug|Any CPU
		{676B6A0C-15CB-4339-852B-98D8A921CD77}.Release|Any CPU.ActiveCfg = Release|Any CPU
		{676B6A0C-15CB-4339-852B-98D8A921CD77}.Release|Any CPU.Build.0 = Release|Any CPU
		{676B6A0C-15CB-4339-852B-98D8A921CD77}.Release|iPhone.ActiveCfg = Release|Any CPU
		{676B6A0C-15CB-4339-852B-98D8A921CD77}.Release|iPhone.Build.0 = Release|Any CPU
		{676B6A0C-15CB-4339-852B-98D8A921CD77}.Release|iPhoneSimulator.ActiveCfg = Release|Any CPU
		{676B6A0C-15CB-4339-852B-98D8A921CD77}.Release|iPhoneSimulator.Build.0 = Release|Any CPU
		{73C6185F-AA08-4903-8F7E-3A7EC49B7EC8}.Ad-Hoc|Any CPU.ActiveCfg = Release|Any CPU
		{73C6185F-AA08-4903-8F7E-3A7EC49B7EC8}.Ad-Hoc|Any CPU.Build.0 = Release|Any CPU
		{73C6185F-AA08-4903-8F7E-3A7EC49B7EC8}.Ad-Hoc|iPhone.ActiveCfg = Release|Any CPU
		{73C6185F-AA08-4903-8F7E-3A7EC49B7EC8}.Ad-Hoc|iPhone.Build.0 = Release|Any CPU
		{73C6185F-AA08-4903-8F7E-3A7EC49B7EC8}.Ad-Hoc|iPhoneSimulator.ActiveCfg = Release|Any CPU
		{73C6185F-AA08-4903-8F7E-3A7EC49B7EC8}.Ad-Hoc|iPhoneSimulator.Build.0 = Release|Any CPU
		{73C6185F-AA08-4903-8F7E-3A7EC49B7EC8}.AppStore|Any CPU.ActiveCfg = Release|Any CPU
		{73C6185F-AA08-4903-8F7E-3A7EC49B7EC8}.AppStore|Any CPU.Build.0 = Release|Any CPU
		{73C6185F-AA08-4903-8F7E-3A7EC49B7EC8}.AppStore|iPhone.ActiveCfg = Release|Any CPU
		{73C6185F-AA08-4903-8F7E-3A7EC49B7EC8}.AppStore|iPhone.Build.0 = Release|Any CPU
		{73C6185F-AA08-4903-8F7E-3A7EC49B7EC8}.AppStore|iPhoneSimulator.ActiveCfg = Release|Any CPU
		{73C6185F-AA08-4903-8F7E-3A7EC49B7EC8}.AppStore|iPhoneSimulator.Build.0 = Release|Any CPU
		{73C6185F-AA08-4903-8F7E-3A7EC49B7EC8}.Debug|Any CPU.ActiveCfg = Debug|Any CPU
		{73C6185F-AA08-4903-8F7E-3A7EC49B7EC8}.Debug|Any CPU.Build.0 = Debug|Any CPU
		{73C6185F-AA08-4903-8F7E-3A7EC49B7EC8}.Debug|iPhone.ActiveCfg = Debug|Any CPU
		{73C6185F-AA08-4903-8F7E-3A7EC49B7EC8}.Debug|iPhone.Build.0 = Debug|Any CPU
		{73C6185F-AA08-4903-8F7E-3A7EC49B7EC8}.Debug|iPhoneSimulator.ActiveCfg = Debug|Any CPU
		{73C6185F-AA08-4903-8F7E-3A7EC49B7EC8}.Debug|iPhoneSimulator.Build.0 = Debug|Any CPU
		{73C6185F-AA08-4903-8F7E-3A7EC49B7EC8}.Release|Any CPU.ActiveCfg = Release|Any CPU
		{73C6185F-AA08-4903-8F7E-3A7EC49B7EC8}.Release|Any CPU.Build.0 = Release|Any CPU
		{73C6185F-AA08-4903-8F7E-3A7EC49B7EC8}.Release|iPhone.ActiveCfg = Release|Any CPU
		{73C6185F-AA08-4903-8F7E-3A7EC49B7EC8}.Release|iPhone.Build.0 = Release|Any CPU
		{73C6185F-AA08-4903-8F7E-3A7EC49B7EC8}.Release|iPhoneSimulator.ActiveCfg = Release|Any CPU
		{73C6185F-AA08-4903-8F7E-3A7EC49B7EC8}.Release|iPhoneSimulator.Build.0 = Release|Any CPU
		{F6DEFBA5-FCF2-46E3-BA1F-EEDE14FCBC4B}.Ad-Hoc|Any CPU.ActiveCfg = Release|Any CPU
		{F6DEFBA5-FCF2-46E3-BA1F-EEDE14FCBC4B}.Ad-Hoc|Any CPU.Build.0 = Release|Any CPU
		{F6DEFBA5-FCF2-46E3-BA1F-EEDE14FCBC4B}.Ad-Hoc|iPhone.ActiveCfg = Release|Any CPU
		{F6DEFBA5-FCF2-46E3-BA1F-EEDE14FCBC4B}.Ad-Hoc|iPhone.Build.0 = Release|Any CPU
		{F6DEFBA5-FCF2-46E3-BA1F-EEDE14FCBC4B}.Ad-Hoc|iPhoneSimulator.ActiveCfg = Release|Any CPU
		{F6DEFBA5-FCF2-46E3-BA1F-EEDE14FCBC4B}.Ad-Hoc|iPhoneSimulator.Build.0 = Release|Any CPU
		{F6DEFBA5-FCF2-46E3-BA1F-EEDE14FCBC4B}.AppStore|Any CPU.ActiveCfg = Release|Any CPU
		{F6DEFBA5-FCF2-46E3-BA1F-EEDE14FCBC4B}.AppStore|Any CPU.Build.0 = Release|Any CPU
		{F6DEFBA5-FCF2-46E3-BA1F-EEDE14FCBC4B}.AppStore|iPhone.ActiveCfg = Release|Any CPU
		{F6DEFBA5-FCF2-46E3-BA1F-EEDE14FCBC4B}.AppStore|iPhone.Build.0 = Release|Any CPU
		{F6DEFBA5-FCF2-46E3-BA1F-EEDE14FCBC4B}.AppStore|iPhoneSimulator.ActiveCfg = Release|Any CPU
		{F6DEFBA5-FCF2-46E3-BA1F-EEDE14FCBC4B}.AppStore|iPhoneSimulator.Build.0 = Release|Any CPU
		{F6DEFBA5-FCF2-46E3-BA1F-EEDE14FCBC4B}.Debug|Any CPU.ActiveCfg = Debug|Any CPU
		{F6DEFBA5-FCF2-46E3-BA1F-EEDE14FCBC4B}.Debug|Any CPU.Build.0 = Debug|Any CPU
		{F6DEFBA5-FCF2-46E3-BA1F-EEDE14FCBC4B}.Debug|iPhone.ActiveCfg = Debug|Any CPU
		{F6DEFBA5-FCF2-46E3-BA1F-EEDE14FCBC4B}.Debug|iPhone.Build.0 = Debug|Any CPU
		{F6DEFBA5-FCF2-46E3-BA1F-EEDE14FCBC4B}.Debug|iPhoneSimulator.ActiveCfg = Debug|Any CPU
		{F6DEFBA5-FCF2-46E3-BA1F-EEDE14FCBC4B}.Debug|iPhoneSimulator.Build.0 = Debug|Any CPU
		{F6DEFBA5-FCF2-46E3-BA1F-EEDE14FCBC4B}.Release|Any CPU.ActiveCfg = Release|Any CPU
		{F6DEFBA5-FCF2-46E3-BA1F-EEDE14FCBC4B}.Release|Any CPU.Build.0 = Release|Any CPU
		{F6DEFBA5-FCF2-46E3-BA1F-EEDE14FCBC4B}.Release|iPhone.ActiveCfg = Release|Any CPU
		{F6DEFBA5-FCF2-46E3-BA1F-EEDE14FCBC4B}.Release|iPhone.Build.0 = Release|Any CPU
		{F6DEFBA5-FCF2-46E3-BA1F-EEDE14FCBC4B}.Release|iPhoneSimulator.ActiveCfg = Release|Any CPU
		{F6DEFBA5-FCF2-46E3-BA1F-EEDE14FCBC4B}.Release|iPhoneSimulator.Build.0 = Release|Any CPU
		{91374B47-B944-441F-B88C-4474BACF5647}.Ad-Hoc|Any CPU.ActiveCfg = Release|Any CPU
		{91374B47-B944-441F-B88C-4474BACF5647}.Ad-Hoc|Any CPU.Build.0 = Release|Any CPU
		{91374B47-B944-441F-B88C-4474BACF5647}.Ad-Hoc|iPhone.ActiveCfg = Release|Any CPU
		{91374B47-B944-441F-B88C-4474BACF5647}.Ad-Hoc|iPhone.Build.0 = Release|Any CPU
		{91374B47-B944-441F-B88C-4474BACF5647}.Ad-Hoc|iPhoneSimulator.ActiveCfg = Release|Any CPU
		{91374B47-B944-441F-B88C-4474BACF5647}.Ad-Hoc|iPhoneSimulator.Build.0 = Release|Any CPU
		{91374B47-B944-441F-B88C-4474BACF5647}.AppStore|Any CPU.ActiveCfg = Release|Any CPU
		{91374B47-B944-441F-B88C-4474BACF5647}.AppStore|Any CPU.Build.0 = Release|Any CPU
		{91374B47-B944-441F-B88C-4474BACF5647}.AppStore|iPhone.ActiveCfg = Release|Any CPU
		{91374B47-B944-441F-B88C-4474BACF5647}.AppStore|iPhone.Build.0 = Release|Any CPU
		{91374B47-B944-441F-B88C-4474BACF5647}.AppStore|iPhoneSimulator.ActiveCfg = Release|Any CPU
		{91374B47-B944-441F-B88C-4474BACF5647}.AppStore|iPhoneSimulator.Build.0 = Release|Any CPU
		{91374B47-B944-441F-B88C-4474BACF5647}.Debug|Any CPU.ActiveCfg = Debug|Any CPU
		{91374B47-B944-441F-B88C-4474BACF5647}.Debug|Any CPU.Build.0 = Debug|Any CPU
		{91374B47-B944-441F-B88C-4474BACF5647}.Debug|iPhone.ActiveCfg = Debug|Any CPU
		{91374B47-B944-441F-B88C-4474BACF5647}.Debug|iPhone.Build.0 = Debug|Any CPU
		{91374B47-B944-441F-B88C-4474BACF5647}.Debug|iPhoneSimulator.ActiveCfg = Debug|Any CPU
		{91374B47-B944-441F-B88C-4474BACF5647}.Debug|iPhoneSimulator.Build.0 = Debug|Any CPU
		{91374B47-B944-441F-B88C-4474BACF5647}.Release|Any CPU.ActiveCfg = Release|Any CPU
		{91374B47-B944-441F-B88C-4474BACF5647}.Release|Any CPU.Build.0 = Release|Any CPU
		{91374B47-B944-441F-B88C-4474BACF5647}.Release|iPhone.ActiveCfg = Release|Any CPU
		{91374B47-B944-441F-B88C-4474BACF5647}.Release|iPhone.Build.0 = Release|Any CPU
		{91374B47-B944-441F-B88C-4474BACF5647}.Release|iPhoneSimulator.ActiveCfg = Release|Any CPU
		{91374B47-B944-441F-B88C-4474BACF5647}.Release|iPhoneSimulator.Build.0 = Release|Any CPU
		{CD967F0C-4223-4DA6-A27A-AC49CAF57944}.Ad-Hoc|Any CPU.ActiveCfg = Release|Any CPU
		{CD967F0C-4223-4DA6-A27A-AC49CAF57944}.Ad-Hoc|Any CPU.Build.0 = Release|Any CPU
		{CD967F0C-4223-4DA6-A27A-AC49CAF57944}.Ad-Hoc|iPhone.ActiveCfg = Release|Any CPU
		{CD967F0C-4223-4DA6-A27A-AC49CAF57944}.Ad-Hoc|iPhone.Build.0 = Release|Any CPU
		{CD967F0C-4223-4DA6-A27A-AC49CAF57944}.Ad-Hoc|iPhoneSimulator.ActiveCfg = Release|Any CPU
		{CD967F0C-4223-4DA6-A27A-AC49CAF57944}.Ad-Hoc|iPhoneSimulator.Build.0 = Release|Any CPU
		{CD967F0C-4223-4DA6-A27A-AC49CAF57944}.AppStore|Any CPU.ActiveCfg = Release|Any CPU
		{CD967F0C-4223-4DA6-A27A-AC49CAF57944}.AppStore|Any CPU.Build.0 = Release|Any CPU
		{CD967F0C-4223-4DA6-A27A-AC49CAF57944}.AppStore|iPhone.ActiveCfg = Release|Any CPU
		{CD967F0C-4223-4DA6-A27A-AC49CAF57944}.AppStore|iPhone.Build.0 = Release|Any CPU
		{CD967F0C-4223-4DA6-A27A-AC49CAF57944}.AppStore|iPhoneSimulator.ActiveCfg = Release|Any CPU
		{CD967F0C-4223-4DA6-A27A-AC49CAF57944}.AppStore|iPhoneSimulator.Build.0 = Release|Any CPU
		{CD967F0C-4223-4DA6-A27A-AC49CAF57944}.Debug|Any CPU.ActiveCfg = Debug|Any CPU
		{CD967F0C-4223-4DA6-A27A-AC49CAF57944}.Debug|Any CPU.Build.0 = Debug|Any CPU
		{CD967F0C-4223-4DA6-A27A-AC49CAF57944}.Debug|iPhone.ActiveCfg = Debug|Any CPU
		{CD967F0C-4223-4DA6-A27A-AC49CAF57944}.Debug|iPhone.Build.0 = Debug|Any CPU
		{CD967F0C-4223-4DA6-A27A-AC49CAF57944}.Debug|iPhoneSimulator.ActiveCfg = Debug|Any CPU
		{CD967F0C-4223-4DA6-A27A-AC49CAF57944}.Debug|iPhoneSimulator.Build.0 = Debug|Any CPU
		{CD967F0C-4223-4DA6-A27A-AC49CAF57944}.Release|Any CPU.ActiveCfg = Release|Any CPU
		{CD967F0C-4223-4DA6-A27A-AC49CAF57944}.Release|Any CPU.Build.0 = Release|Any CPU
		{CD967F0C-4223-4DA6-A27A-AC49CAF57944}.Release|iPhone.ActiveCfg = Release|Any CPU
		{CD967F0C-4223-4DA6-A27A-AC49CAF57944}.Release|iPhone.Build.0 = Release|Any CPU
		{CD967F0C-4223-4DA6-A27A-AC49CAF57944}.Release|iPhoneSimulator.ActiveCfg = Release|Any CPU
		{CD967F0C-4223-4DA6-A27A-AC49CAF57944}.Release|iPhoneSimulator.Build.0 = Release|Any CPU
		{47504C62-32F9-4A4C-A789-D185D3C2D5D5}.Ad-Hoc|Any CPU.ActiveCfg = Release|Any CPU
		{47504C62-32F9-4A4C-A789-D185D3C2D5D5}.Ad-Hoc|Any CPU.Build.0 = Release|Any CPU
		{47504C62-32F9-4A4C-A789-D185D3C2D5D5}.Ad-Hoc|iPhone.ActiveCfg = Release|Any CPU
		{47504C62-32F9-4A4C-A789-D185D3C2D5D5}.Ad-Hoc|iPhone.Build.0 = Release|Any CPU
		{47504C62-32F9-4A4C-A789-D185D3C2D5D5}.Ad-Hoc|iPhoneSimulator.ActiveCfg = Release|Any CPU
		{47504C62-32F9-4A4C-A789-D185D3C2D5D5}.Ad-Hoc|iPhoneSimulator.Build.0 = Release|Any CPU
		{47504C62-32F9-4A4C-A789-D185D3C2D5D5}.AppStore|Any CPU.ActiveCfg = Release|Any CPU
		{47504C62-32F9-4A4C-A789-D185D3C2D5D5}.AppStore|Any CPU.Build.0 = Release|Any CPU
		{47504C62-32F9-4A4C-A789-D185D3C2D5D5}.AppStore|iPhone.ActiveCfg = Release|Any CPU
		{47504C62-32F9-4A4C-A789-D185D3C2D5D5}.AppStore|iPhone.Build.0 = Release|Any CPU
		{47504C62-32F9-4A4C-A789-D185D3C2D5D5}.AppStore|iPhoneSimulator.ActiveCfg = Release|Any CPU
		{47504C62-32F9-4A4C-A789-D185D3C2D5D5}.AppStore|iPhoneSimulator.Build.0 = Release|Any CPU
		{47504C62-32F9-4A4C-A789-D185D3C2D5D5}.Debug|Any CPU.ActiveCfg = Debug|Any CPU
		{47504C62-32F9-4A4C-A789-D185D3C2D5D5}.Debug|Any CPU.Build.0 = Debug|Any CPU
		{47504C62-32F9-4A4C-A789-D185D3C2D5D5}.Debug|iPhone.ActiveCfg = Debug|Any CPU
		{47504C62-32F9-4A4C-A789-D185D3C2D5D5}.Debug|iPhone.Build.0 = Debug|Any CPU
		{47504C62-32F9-4A4C-A789-D185D3C2D5D5}.Debug|iPhoneSimulator.ActiveCfg = Debug|Any CPU
		{47504C62-32F9-4A4C-A789-D185D3C2D5D5}.Debug|iPhoneSimulator.Build.0 = Debug|Any CPU
		{47504C62-32F9-4A4C-A789-D185D3C2D5D5}.Release|Any CPU.ActiveCfg = Release|Any CPU
		{47504C62-32F9-4A4C-A789-D185D3C2D5D5}.Release|Any CPU.Build.0 = Release|Any CPU
		{47504C62-32F9-4A4C-A789-D185D3C2D5D5}.Release|iPhone.ActiveCfg = Release|Any CPU
		{47504C62-32F9-4A4C-A789-D185D3C2D5D5}.Release|iPhone.Build.0 = Release|Any CPU
		{47504C62-32F9-4A4C-A789-D185D3C2D5D5}.Release|iPhoneSimulator.ActiveCfg = Release|Any CPU
		{47504C62-32F9-4A4C-A789-D185D3C2D5D5}.Release|iPhoneSimulator.Build.0 = Release|Any CPU
		{2F905B89-1041-4475-A232-EE833B3E1EEB}.Ad-Hoc|Any CPU.ActiveCfg = Release|Any CPU
		{2F905B89-1041-4475-A232-EE833B3E1EEB}.Ad-Hoc|Any CPU.Build.0 = Release|Any CPU
		{2F905B89-1041-4475-A232-EE833B3E1EEB}.Ad-Hoc|iPhone.ActiveCfg = Release|Any CPU
		{2F905B89-1041-4475-A232-EE833B3E1EEB}.Ad-Hoc|iPhone.Build.0 = Release|Any CPU
		{2F905B89-1041-4475-A232-EE833B3E1EEB}.Ad-Hoc|iPhoneSimulator.ActiveCfg = Release|Any CPU
		{2F905B89-1041-4475-A232-EE833B3E1EEB}.Ad-Hoc|iPhoneSimulator.Build.0 = Release|Any CPU
		{2F905B89-1041-4475-A232-EE833B3E1EEB}.AppStore|Any CPU.ActiveCfg = Release|Any CPU
		{2F905B89-1041-4475-A232-EE833B3E1EEB}.AppStore|Any CPU.Build.0 = Release|Any CPU
		{2F905B89-1041-4475-A232-EE833B3E1EEB}.AppStore|iPhone.ActiveCfg = Release|Any CPU
		{2F905B89-1041-4475-A232-EE833B3E1EEB}.AppStore|iPhone.Build.0 = Release|Any CPU
		{2F905B89-1041-4475-A232-EE833B3E1EEB}.AppStore|iPhoneSimulator.ActiveCfg = Release|Any CPU
		{2F905B89-1041-4475-A232-EE833B3E1EEB}.AppStore|iPhoneSimulator.Build.0 = Release|Any CPU
		{2F905B89-1041-4475-A232-EE833B3E1EEB}.Debug|Any CPU.ActiveCfg = Debug|Any CPU
		{2F905B89-1041-4475-A232-EE833B3E1EEB}.Debug|Any CPU.Build.0 = Debug|Any CPU
		{2F905B89-1041-4475-A232-EE833B3E1EEB}.Debug|iPhone.ActiveCfg = Debug|Any CPU
		{2F905B89-1041-4475-A232-EE833B3E1EEB}.Debug|iPhone.Build.0 = Debug|Any CPU
		{2F905B89-1041-4475-A232-EE833B3E1EEB}.Debug|iPhoneSimulator.ActiveCfg = Debug|Any CPU
		{2F905B89-1041-4475-A232-EE833B3E1EEB}.Debug|iPhoneSimulator.Build.0 = Debug|Any CPU
		{2F905B89-1041-4475-A232-EE833B3E1EEB}.Release|Any CPU.ActiveCfg = Release|Any CPU
		{2F905B89-1041-4475-A232-EE833B3E1EEB}.Release|Any CPU.Build.0 = Release|Any CPU
		{2F905B89-1041-4475-A232-EE833B3E1EEB}.Release|iPhone.ActiveCfg = Release|Any CPU
		{2F905B89-1041-4475-A232-EE833B3E1EEB}.Release|iPhone.Build.0 = Release|Any CPU
		{2F905B89-1041-4475-A232-EE833B3E1EEB}.Release|iPhoneSimulator.ActiveCfg = Release|Any CPU
		{2F905B89-1041-4475-A232-EE833B3E1EEB}.Release|iPhoneSimulator.Build.0 = Release|Any CPU
		{407D69D7-6E46-4B54-8C4B-5C098BD26AF5}.Ad-Hoc|Any CPU.ActiveCfg = Release|Any CPU
		{407D69D7-6E46-4B54-8C4B-5C098BD26AF5}.Ad-Hoc|Any CPU.Build.0 = Release|Any CPU
		{407D69D7-6E46-4B54-8C4B-5C098BD26AF5}.Ad-Hoc|iPhone.ActiveCfg = Release|Any CPU
		{407D69D7-6E46-4B54-8C4B-5C098BD26AF5}.Ad-Hoc|iPhone.Build.0 = Release|Any CPU
		{407D69D7-6E46-4B54-8C4B-5C098BD26AF5}.Ad-Hoc|iPhoneSimulator.ActiveCfg = Release|Any CPU
		{407D69D7-6E46-4B54-8C4B-5C098BD26AF5}.Ad-Hoc|iPhoneSimulator.Build.0 = Release|Any CPU
		{407D69D7-6E46-4B54-8C4B-5C098BD26AF5}.AppStore|Any CPU.ActiveCfg = Release|Any CPU
		{407D69D7-6E46-4B54-8C4B-5C098BD26AF5}.AppStore|Any CPU.Build.0 = Release|Any CPU
		{407D69D7-6E46-4B54-8C4B-5C098BD26AF5}.AppStore|iPhone.ActiveCfg = Release|Any CPU
		{407D69D7-6E46-4B54-8C4B-5C098BD26AF5}.AppStore|iPhone.Build.0 = Release|Any CPU
		{407D69D7-6E46-4B54-8C4B-5C098BD26AF5}.AppStore|iPhoneSimulator.ActiveCfg = Release|Any CPU
		{407D69D7-6E46-4B54-8C4B-5C098BD26AF5}.AppStore|iPhoneSimulator.Build.0 = Release|Any CPU
		{407D69D7-6E46-4B54-8C4B-5C098BD26AF5}.Debug|Any CPU.ActiveCfg = Debug|Any CPU
		{407D69D7-6E46-4B54-8C4B-5C098BD26AF5}.Debug|Any CPU.Build.0 = Debug|Any CPU
		{407D69D7-6E46-4B54-8C4B-5C098BD26AF5}.Debug|iPhone.ActiveCfg = Debug|Any CPU
		{407D69D7-6E46-4B54-8C4B-5C098BD26AF5}.Debug|iPhone.Build.0 = Debug|Any CPU
		{407D69D7-6E46-4B54-8C4B-5C098BD26AF5}.Debug|iPhoneSimulator.ActiveCfg = Debug|Any CPU
		{407D69D7-6E46-4B54-8C4B-5C098BD26AF5}.Debug|iPhoneSimulator.Build.0 = Debug|Any CPU
		{407D69D7-6E46-4B54-8C4B-5C098BD26AF5}.Release|Any CPU.ActiveCfg = Release|Any CPU
		{407D69D7-6E46-4B54-8C4B-5C098BD26AF5}.Release|Any CPU.Build.0 = Release|Any CPU
		{407D69D7-6E46-4B54-8C4B-5C098BD26AF5}.Release|iPhone.ActiveCfg = Release|Any CPU
		{407D69D7-6E46-4B54-8C4B-5C098BD26AF5}.Release|iPhone.Build.0 = Release|Any CPU
		{407D69D7-6E46-4B54-8C4B-5C098BD26AF5}.Release|iPhoneSimulator.ActiveCfg = Release|Any CPU
		{407D69D7-6E46-4B54-8C4B-5C098BD26AF5}.Release|iPhoneSimulator.Build.0 = Release|Any CPU
		{7744E6FA-8D0C-446B-95CE-FB94BD50D865}.Ad-Hoc|Any CPU.ActiveCfg = Release|Any CPU
		{7744E6FA-8D0C-446B-95CE-FB94BD50D865}.Ad-Hoc|Any CPU.Build.0 = Release|Any CPU
		{7744E6FA-8D0C-446B-95CE-FB94BD50D865}.Ad-Hoc|iPhone.ActiveCfg = Release|Any CPU
		{7744E6FA-8D0C-446B-95CE-FB94BD50D865}.Ad-Hoc|iPhone.Build.0 = Release|Any CPU
		{7744E6FA-8D0C-446B-95CE-FB94BD50D865}.Ad-Hoc|iPhoneSimulator.ActiveCfg = Release|Any CPU
		{7744E6FA-8D0C-446B-95CE-FB94BD50D865}.Ad-Hoc|iPhoneSimulator.Build.0 = Release|Any CPU
		{7744E6FA-8D0C-446B-95CE-FB94BD50D865}.AppStore|Any CPU.ActiveCfg = Release|Any CPU
		{7744E6FA-8D0C-446B-95CE-FB94BD50D865}.AppStore|Any CPU.Build.0 = Release|Any CPU
		{7744E6FA-8D0C-446B-95CE-FB94BD50D865}.AppStore|iPhone.ActiveCfg = Release|Any CPU
		{7744E6FA-8D0C-446B-95CE-FB94BD50D865}.AppStore|iPhone.Build.0 = Release|Any CPU
		{7744E6FA-8D0C-446B-95CE-FB94BD50D865}.AppStore|iPhoneSimulator.ActiveCfg = Release|Any CPU
		{7744E6FA-8D0C-446B-95CE-FB94BD50D865}.AppStore|iPhoneSimulator.Build.0 = Release|Any CPU
		{7744E6FA-8D0C-446B-95CE-FB94BD50D865}.Debug|Any CPU.ActiveCfg = Debug|Any CPU
		{7744E6FA-8D0C-446B-95CE-FB94BD50D865}.Debug|Any CPU.Build.0 = Debug|Any CPU
		{7744E6FA-8D0C-446B-95CE-FB94BD50D865}.Debug|iPhone.ActiveCfg = Debug|Any CPU
		{7744E6FA-8D0C-446B-95CE-FB94BD50D865}.Debug|iPhone.Build.0 = Debug|Any CPU
		{7744E6FA-8D0C-446B-95CE-FB94BD50D865}.Debug|iPhoneSimulator.ActiveCfg = Debug|Any CPU
		{7744E6FA-8D0C-446B-95CE-FB94BD50D865}.Debug|iPhoneSimulator.Build.0 = Debug|Any CPU
		{7744E6FA-8D0C-446B-95CE-FB94BD50D865}.Release|Any CPU.ActiveCfg = Release|Any CPU
		{7744E6FA-8D0C-446B-95CE-FB94BD50D865}.Release|Any CPU.Build.0 = Release|Any CPU
		{7744E6FA-8D0C-446B-95CE-FB94BD50D865}.Release|iPhone.ActiveCfg = Release|Any CPU
		{7744E6FA-8D0C-446B-95CE-FB94BD50D865}.Release|iPhone.Build.0 = Release|Any CPU
		{7744E6FA-8D0C-446B-95CE-FB94BD50D865}.Release|iPhoneSimulator.ActiveCfg = Release|Any CPU
		{7744E6FA-8D0C-446B-95CE-FB94BD50D865}.Release|iPhoneSimulator.Build.0 = Release|Any CPU
		{8D528E18-3BCD-45AD-B796-5D305541A12F}.Ad-Hoc|Any CPU.ActiveCfg = Release|Any CPU
		{8D528E18-3BCD-45AD-B796-5D305541A12F}.Ad-Hoc|Any CPU.Build.0 = Release|Any CPU
		{8D528E18-3BCD-45AD-B796-5D305541A12F}.Ad-Hoc|iPhone.ActiveCfg = Release|Any CPU
		{8D528E18-3BCD-45AD-B796-5D305541A12F}.Ad-Hoc|iPhone.Build.0 = Release|Any CPU
		{8D528E18-3BCD-45AD-B796-5D305541A12F}.Ad-Hoc|iPhoneSimulator.ActiveCfg = Release|Any CPU
		{8D528E18-3BCD-45AD-B796-5D305541A12F}.Ad-Hoc|iPhoneSimulator.Build.0 = Release|Any CPU
		{8D528E18-3BCD-45AD-B796-5D305541A12F}.AppStore|Any CPU.ActiveCfg = Release|Any CPU
		{8D528E18-3BCD-45AD-B796-5D305541A12F}.AppStore|Any CPU.Build.0 = Release|Any CPU
		{8D528E18-3BCD-45AD-B796-5D305541A12F}.AppStore|iPhone.ActiveCfg = Release|Any CPU
		{8D528E18-3BCD-45AD-B796-5D305541A12F}.AppStore|iPhone.Build.0 = Release|Any CPU
		{8D528E18-3BCD-45AD-B796-5D305541A12F}.AppStore|iPhoneSimulator.ActiveCfg = Release|Any CPU
		{8D528E18-3BCD-45AD-B796-5D305541A12F}.AppStore|iPhoneSimulator.Build.0 = Release|Any CPU
		{8D528E18-3BCD-45AD-B796-5D305541A12F}.Debug|Any CPU.ActiveCfg = Debug|Any CPU
		{8D528E18-3BCD-45AD-B796-5D305541A12F}.Debug|Any CPU.Build.0 = Debug|Any CPU
		{8D528E18-3BCD-45AD-B796-5D305541A12F}.Debug|iPhone.ActiveCfg = Debug|Any CPU
		{8D528E18-3BCD-45AD-B796-5D305541A12F}.Debug|iPhone.Build.0 = Debug|Any CPU
		{8D528E18-3BCD-45AD-B796-5D305541A12F}.Debug|iPhoneSimulator.ActiveCfg = Debug|Any CPU
		{8D528E18-3BCD-45AD-B796-5D305541A12F}.Debug|iPhoneSimulator.Build.0 = Debug|Any CPU
		{8D528E18-3BCD-45AD-B796-5D305541A12F}.Release|Any CPU.ActiveCfg = Release|Any CPU
		{8D528E18-3BCD-45AD-B796-5D305541A12F}.Release|Any CPU.Build.0 = Release|Any CPU
		{8D528E18-3BCD-45AD-B796-5D305541A12F}.Release|iPhone.ActiveCfg = Release|Any CPU
		{8D528E18-3BCD-45AD-B796-5D305541A12F}.Release|iPhone.Build.0 = Release|Any CPU
		{8D528E18-3BCD-45AD-B796-5D305541A12F}.Release|iPhoneSimulator.ActiveCfg = Release|Any CPU
		{8D528E18-3BCD-45AD-B796-5D305541A12F}.Release|iPhoneSimulator.Build.0 = Release|Any CPU
		{E8FC1C8E-952B-4487-BE74-E236ADE7AB4A}.Ad-Hoc|Any CPU.ActiveCfg = Release|Any CPU
		{E8FC1C8E-952B-4487-BE74-E236ADE7AB4A}.Ad-Hoc|Any CPU.Build.0 = Release|Any CPU
		{E8FC1C8E-952B-4487-BE74-E236ADE7AB4A}.Ad-Hoc|iPhone.ActiveCfg = Release|Any CPU
		{E8FC1C8E-952B-4487-BE74-E236ADE7AB4A}.Ad-Hoc|iPhone.Build.0 = Release|Any CPU
		{E8FC1C8E-952B-4487-BE74-E236ADE7AB4A}.Ad-Hoc|iPhoneSimulator.ActiveCfg = Release|Any CPU
		{E8FC1C8E-952B-4487-BE74-E236ADE7AB4A}.Ad-Hoc|iPhoneSimulator.Build.0 = Release|Any CPU
		{E8FC1C8E-952B-4487-BE74-E236ADE7AB4A}.AppStore|Any CPU.ActiveCfg = Release|Any CPU
		{E8FC1C8E-952B-4487-BE74-E236ADE7AB4A}.AppStore|Any CPU.Build.0 = Release|Any CPU
		{E8FC1C8E-952B-4487-BE74-E236ADE7AB4A}.AppStore|iPhone.ActiveCfg = Release|Any CPU
		{E8FC1C8E-952B-4487-BE74-E236ADE7AB4A}.AppStore|iPhone.Build.0 = Release|Any CPU
		{E8FC1C8E-952B-4487-BE74-E236ADE7AB4A}.AppStore|iPhoneSimulator.ActiveCfg = Release|Any CPU
		{E8FC1C8E-952B-4487-BE74-E236ADE7AB4A}.AppStore|iPhoneSimulator.Build.0 = Release|Any CPU
		{E8FC1C8E-952B-4487-BE74-E236ADE7AB4A}.Debug|Any CPU.ActiveCfg = Debug|Any CPU
		{E8FC1C8E-952B-4487-BE74-E236ADE7AB4A}.Debug|Any CPU.Build.0 = Debug|Any CPU
		{E8FC1C8E-952B-4487-BE74-E236ADE7AB4A}.Debug|iPhone.ActiveCfg = Debug|Any CPU
		{E8FC1C8E-952B-4487-BE74-E236ADE7AB4A}.Debug|iPhone.Build.0 = Debug|Any CPU
		{E8FC1C8E-952B-4487-BE74-E236ADE7AB4A}.Debug|iPhoneSimulator.ActiveCfg = Debug|Any CPU
		{E8FC1C8E-952B-4487-BE74-E236ADE7AB4A}.Debug|iPhoneSimulator.Build.0 = Debug|Any CPU
		{E8FC1C8E-952B-4487-BE74-E236ADE7AB4A}.Release|Any CPU.ActiveCfg = Release|Any CPU
		{E8FC1C8E-952B-4487-BE74-E236ADE7AB4A}.Release|Any CPU.Build.0 = Release|Any CPU
		{E8FC1C8E-952B-4487-BE74-E236ADE7AB4A}.Release|iPhone.ActiveCfg = Release|Any CPU
		{E8FC1C8E-952B-4487-BE74-E236ADE7AB4A}.Release|iPhone.Build.0 = Release|Any CPU
		{E8FC1C8E-952B-4487-BE74-E236ADE7AB4A}.Release|iPhoneSimulator.ActiveCfg = Release|Any CPU
		{E8FC1C8E-952B-4487-BE74-E236ADE7AB4A}.Release|iPhoneSimulator.Build.0 = Release|Any CPU
		{3F1A103D-3EF8-49CC-B581-7976AF073C1C}.Ad-Hoc|Any CPU.ActiveCfg = Release|Any CPU
		{3F1A103D-3EF8-49CC-B581-7976AF073C1C}.Ad-Hoc|Any CPU.Build.0 = Release|Any CPU
		{3F1A103D-3EF8-49CC-B581-7976AF073C1C}.Ad-Hoc|iPhone.ActiveCfg = Release|Any CPU
		{3F1A103D-3EF8-49CC-B581-7976AF073C1C}.Ad-Hoc|iPhone.Build.0 = Release|Any CPU
		{3F1A103D-3EF8-49CC-B581-7976AF073C1C}.Ad-Hoc|iPhoneSimulator.ActiveCfg = Release|Any CPU
		{3F1A103D-3EF8-49CC-B581-7976AF073C1C}.Ad-Hoc|iPhoneSimulator.Build.0 = Release|Any CPU
		{3F1A103D-3EF8-49CC-B581-7976AF073C1C}.AppStore|Any CPU.ActiveCfg = Release|Any CPU
		{3F1A103D-3EF8-49CC-B581-7976AF073C1C}.AppStore|Any CPU.Build.0 = Release|Any CPU
		{3F1A103D-3EF8-49CC-B581-7976AF073C1C}.AppStore|iPhone.ActiveCfg = Release|Any CPU
		{3F1A103D-3EF8-49CC-B581-7976AF073C1C}.AppStore|iPhone.Build.0 = Release|Any CPU
		{3F1A103D-3EF8-49CC-B581-7976AF073C1C}.AppStore|iPhoneSimulator.ActiveCfg = Release|Any CPU
		{3F1A103D-3EF8-49CC-B581-7976AF073C1C}.AppStore|iPhoneSimulator.Build.0 = Release|Any CPU
		{3F1A103D-3EF8-49CC-B581-7976AF073C1C}.Debug|Any CPU.ActiveCfg = Debug|Any CPU
		{3F1A103D-3EF8-49CC-B581-7976AF073C1C}.Debug|Any CPU.Build.0 = Debug|Any CPU
		{3F1A103D-3EF8-49CC-B581-7976AF073C1C}.Debug|iPhone.ActiveCfg = Debug|Any CPU
		{3F1A103D-3EF8-49CC-B581-7976AF073C1C}.Debug|iPhone.Build.0 = Debug|Any CPU
		{3F1A103D-3EF8-49CC-B581-7976AF073C1C}.Debug|iPhoneSimulator.ActiveCfg = Debug|Any CPU
		{3F1A103D-3EF8-49CC-B581-7976AF073C1C}.Debug|iPhoneSimulator.Build.0 = Debug|Any CPU
		{3F1A103D-3EF8-49CC-B581-7976AF073C1C}.Release|Any CPU.ActiveCfg = Release|Any CPU
		{3F1A103D-3EF8-49CC-B581-7976AF073C1C}.Release|Any CPU.Build.0 = Release|Any CPU
		{3F1A103D-3EF8-49CC-B581-7976AF073C1C}.Release|iPhone.ActiveCfg = Release|Any CPU
		{3F1A103D-3EF8-49CC-B581-7976AF073C1C}.Release|iPhone.Build.0 = Release|Any CPU
		{3F1A103D-3EF8-49CC-B581-7976AF073C1C}.Release|iPhoneSimulator.ActiveCfg = Release|Any CPU
		{3F1A103D-3EF8-49CC-B581-7976AF073C1C}.Release|iPhoneSimulator.Build.0 = Release|Any CPU
		{DCC6A19E-DC5B-43D5-99CE-827B2B9AB882}.Ad-Hoc|Any CPU.ActiveCfg = Release|Any CPU
		{DCC6A19E-DC5B-43D5-99CE-827B2B9AB882}.Ad-Hoc|Any CPU.Build.0 = Release|Any CPU
		{DCC6A19E-DC5B-43D5-99CE-827B2B9AB882}.Ad-Hoc|iPhone.ActiveCfg = Release|Any CPU
		{DCC6A19E-DC5B-43D5-99CE-827B2B9AB882}.Ad-Hoc|iPhone.Build.0 = Release|Any CPU
		{DCC6A19E-DC5B-43D5-99CE-827B2B9AB882}.Ad-Hoc|iPhoneSimulator.ActiveCfg = Release|Any CPU
		{DCC6A19E-DC5B-43D5-99CE-827B2B9AB882}.Ad-Hoc|iPhoneSimulator.Build.0 = Release|Any CPU
		{DCC6A19E-DC5B-43D5-99CE-827B2B9AB882}.AppStore|Any CPU.ActiveCfg = Release|Any CPU
		{DCC6A19E-DC5B-43D5-99CE-827B2B9AB882}.AppStore|Any CPU.Build.0 = Release|Any CPU
		{DCC6A19E-DC5B-43D5-99CE-827B2B9AB882}.AppStore|iPhone.ActiveCfg = Release|Any CPU
		{DCC6A19E-DC5B-43D5-99CE-827B2B9AB882}.AppStore|iPhone.Build.0 = Release|Any CPU
		{DCC6A19E-DC5B-43D5-99CE-827B2B9AB882}.AppStore|iPhoneSimulator.ActiveCfg = Release|Any CPU
		{DCC6A19E-DC5B-43D5-99CE-827B2B9AB882}.AppStore|iPhoneSimulator.Build.0 = Release|Any CPU
		{DCC6A19E-DC5B-43D5-99CE-827B2B9AB882}.Debug|Any CPU.ActiveCfg = Debug|Any CPU
		{DCC6A19E-DC5B-43D5-99CE-827B2B9AB882}.Debug|Any CPU.Build.0 = Debug|Any CPU
		{DCC6A19E-DC5B-43D5-99CE-827B2B9AB882}.Debug|iPhone.ActiveCfg = Debug|Any CPU
		{DCC6A19E-DC5B-43D5-99CE-827B2B9AB882}.Debug|iPhone.Build.0 = Debug|Any CPU
		{DCC6A19E-DC5B-43D5-99CE-827B2B9AB882}.Debug|iPhoneSimulator.ActiveCfg = Debug|Any CPU
		{DCC6A19E-DC5B-43D5-99CE-827B2B9AB882}.Debug|iPhoneSimulator.Build.0 = Debug|Any CPU
		{DCC6A19E-DC5B-43D5-99CE-827B2B9AB882}.Release|Any CPU.ActiveCfg = Release|Any CPU
		{DCC6A19E-DC5B-43D5-99CE-827B2B9AB882}.Release|Any CPU.Build.0 = Release|Any CPU
		{DCC6A19E-DC5B-43D5-99CE-827B2B9AB882}.Release|iPhone.ActiveCfg = Release|Any CPU
		{DCC6A19E-DC5B-43D5-99CE-827B2B9AB882}.Release|iPhone.Build.0 = Release|Any CPU
		{DCC6A19E-DC5B-43D5-99CE-827B2B9AB882}.Release|iPhoneSimulator.ActiveCfg = Release|Any CPU
		{DCC6A19E-DC5B-43D5-99CE-827B2B9AB882}.Release|iPhoneSimulator.Build.0 = Release|Any CPU
		{790941F9-0A0C-41C9-843E-16F94E0E5F3E}.Ad-Hoc|Any CPU.ActiveCfg = Debug|Any CPU
		{790941F9-0A0C-41C9-843E-16F94E0E5F3E}.Ad-Hoc|Any CPU.Build.0 = Debug|Any CPU
		{790941F9-0A0C-41C9-843E-16F94E0E5F3E}.Ad-Hoc|iPhone.ActiveCfg = Debug|Any CPU
		{790941F9-0A0C-41C9-843E-16F94E0E5F3E}.Ad-Hoc|iPhone.Build.0 = Debug|Any CPU
		{790941F9-0A0C-41C9-843E-16F94E0E5F3E}.Ad-Hoc|iPhoneSimulator.ActiveCfg = Debug|Any CPU
		{790941F9-0A0C-41C9-843E-16F94E0E5F3E}.Ad-Hoc|iPhoneSimulator.Build.0 = Debug|Any CPU
		{790941F9-0A0C-41C9-843E-16F94E0E5F3E}.AppStore|Any CPU.ActiveCfg = Debug|Any CPU
		{790941F9-0A0C-41C9-843E-16F94E0E5F3E}.AppStore|Any CPU.Build.0 = Debug|Any CPU
		{790941F9-0A0C-41C9-843E-16F94E0E5F3E}.AppStore|iPhone.ActiveCfg = Debug|Any CPU
		{790941F9-0A0C-41C9-843E-16F94E0E5F3E}.AppStore|iPhone.Build.0 = Debug|Any CPU
		{790941F9-0A0C-41C9-843E-16F94E0E5F3E}.AppStore|iPhoneSimulator.ActiveCfg = Debug|Any CPU
		{790941F9-0A0C-41C9-843E-16F94E0E5F3E}.AppStore|iPhoneSimulator.Build.0 = Debug|Any CPU
		{790941F9-0A0C-41C9-843E-16F94E0E5F3E}.Debug|Any CPU.ActiveCfg = Debug|Any CPU
		{790941F9-0A0C-41C9-843E-16F94E0E5F3E}.Debug|Any CPU.Build.0 = Debug|Any CPU
		{790941F9-0A0C-41C9-843E-16F94E0E5F3E}.Debug|iPhone.ActiveCfg = Debug|Any CPU
		{790941F9-0A0C-41C9-843E-16F94E0E5F3E}.Debug|iPhone.Build.0 = Debug|Any CPU
		{790941F9-0A0C-41C9-843E-16F94E0E5F3E}.Debug|iPhoneSimulator.ActiveCfg = Debug|Any CPU
		{790941F9-0A0C-41C9-843E-16F94E0E5F3E}.Debug|iPhoneSimulator.Build.0 = Debug|Any CPU
		{790941F9-0A0C-41C9-843E-16F94E0E5F3E}.Release|Any CPU.ActiveCfg = Release|Any CPU
		{790941F9-0A0C-41C9-843E-16F94E0E5F3E}.Release|Any CPU.Build.0 = Release|Any CPU
		{790941F9-0A0C-41C9-843E-16F94E0E5F3E}.Release|iPhone.ActiveCfg = Release|Any CPU
		{790941F9-0A0C-41C9-843E-16F94E0E5F3E}.Release|iPhone.Build.0 = Release|Any CPU
		{790941F9-0A0C-41C9-843E-16F94E0E5F3E}.Release|iPhoneSimulator.ActiveCfg = Release|Any CPU
		{790941F9-0A0C-41C9-843E-16F94E0E5F3E}.Release|iPhoneSimulator.Build.0 = Release|Any CPU
		{D4DED53E-69AA-41EB-84A2-46C708698B32}.Ad-Hoc|Any CPU.ActiveCfg = Debug|Any CPU
		{D4DED53E-69AA-41EB-84A2-46C708698B32}.Ad-Hoc|Any CPU.Build.0 = Debug|Any CPU
		{D4DED53E-69AA-41EB-84A2-46C708698B32}.Ad-Hoc|iPhone.ActiveCfg = Debug|Any CPU
		{D4DED53E-69AA-41EB-84A2-46C708698B32}.Ad-Hoc|iPhone.Build.0 = Debug|Any CPU
		{D4DED53E-69AA-41EB-84A2-46C708698B32}.Ad-Hoc|iPhoneSimulator.ActiveCfg = Debug|Any CPU
		{D4DED53E-69AA-41EB-84A2-46C708698B32}.Ad-Hoc|iPhoneSimulator.Build.0 = Debug|Any CPU
		{D4DED53E-69AA-41EB-84A2-46C708698B32}.AppStore|Any CPU.ActiveCfg = Debug|Any CPU
		{D4DED53E-69AA-41EB-84A2-46C708698B32}.AppStore|Any CPU.Build.0 = Debug|Any CPU
		{D4DED53E-69AA-41EB-84A2-46C708698B32}.AppStore|iPhone.ActiveCfg = Debug|Any CPU
		{D4DED53E-69AA-41EB-84A2-46C708698B32}.AppStore|iPhone.Build.0 = Debug|Any CPU
		{D4DED53E-69AA-41EB-84A2-46C708698B32}.AppStore|iPhoneSimulator.ActiveCfg = Debug|Any CPU
		{D4DED53E-69AA-41EB-84A2-46C708698B32}.AppStore|iPhoneSimulator.Build.0 = Debug|Any CPU
		{D4DED53E-69AA-41EB-84A2-46C708698B32}.Debug|Any CPU.ActiveCfg = Debug|Any CPU
		{D4DED53E-69AA-41EB-84A2-46C708698B32}.Debug|Any CPU.Build.0 = Debug|Any CPU
		{D4DED53E-69AA-41EB-84A2-46C708698B32}.Debug|iPhone.ActiveCfg = Debug|Any CPU
		{D4DED53E-69AA-41EB-84A2-46C708698B32}.Debug|iPhone.Build.0 = Debug|Any CPU
		{D4DED53E-69AA-41EB-84A2-46C708698B32}.Debug|iPhoneSimulator.ActiveCfg = Debug|Any CPU
		{D4DED53E-69AA-41EB-84A2-46C708698B32}.Debug|iPhoneSimulator.Build.0 = Debug|Any CPU
		{D4DED53E-69AA-41EB-84A2-46C708698B32}.Release|Any CPU.ActiveCfg = Release|Any CPU
		{D4DED53E-69AA-41EB-84A2-46C708698B32}.Release|Any CPU.Build.0 = Release|Any CPU
		{D4DED53E-69AA-41EB-84A2-46C708698B32}.Release|iPhone.ActiveCfg = Release|Any CPU
		{D4DED53E-69AA-41EB-84A2-46C708698B32}.Release|iPhone.Build.0 = Release|Any CPU
		{D4DED53E-69AA-41EB-84A2-46C708698B32}.Release|iPhoneSimulator.ActiveCfg = Release|Any CPU
		{D4DED53E-69AA-41EB-84A2-46C708698B32}.Release|iPhoneSimulator.Build.0 = Release|Any CPU
		{3582E496-63BA-451B-BB06-D0369FAC17F1}.Ad-Hoc|Any CPU.ActiveCfg = Release|Any CPU
		{3582E496-63BA-451B-BB06-D0369FAC17F1}.Ad-Hoc|Any CPU.Build.0 = Release|Any CPU
		{3582E496-63BA-451B-BB06-D0369FAC17F1}.Ad-Hoc|Any CPU.Deploy.0 = Release|Any CPU
		{3582E496-63BA-451B-BB06-D0369FAC17F1}.Ad-Hoc|iPhone.ActiveCfg = Release|Any CPU
		{3582E496-63BA-451B-BB06-D0369FAC17F1}.Ad-Hoc|iPhone.Build.0 = Release|Any CPU
		{3582E496-63BA-451B-BB06-D0369FAC17F1}.Ad-Hoc|iPhone.Deploy.0 = Release|Any CPU
		{3582E496-63BA-451B-BB06-D0369FAC17F1}.Ad-Hoc|iPhoneSimulator.ActiveCfg = Release|Any CPU
		{3582E496-63BA-451B-BB06-D0369FAC17F1}.Ad-Hoc|iPhoneSimulator.Build.0 = Release|Any CPU
		{3582E496-63BA-451B-BB06-D0369FAC17F1}.Ad-Hoc|iPhoneSimulator.Deploy.0 = Release|Any CPU
		{3582E496-63BA-451B-BB06-D0369FAC17F1}.AppStore|Any CPU.ActiveCfg = Release|Any CPU
		{3582E496-63BA-451B-BB06-D0369FAC17F1}.AppStore|Any CPU.Build.0 = Release|Any CPU
		{3582E496-63BA-451B-BB06-D0369FAC17F1}.AppStore|Any CPU.Deploy.0 = Release|Any CPU
		{3582E496-63BA-451B-BB06-D0369FAC17F1}.AppStore|iPhone.ActiveCfg = Release|Any CPU
		{3582E496-63BA-451B-BB06-D0369FAC17F1}.AppStore|iPhone.Build.0 = Release|Any CPU
		{3582E496-63BA-451B-BB06-D0369FAC17F1}.AppStore|iPhone.Deploy.0 = Release|Any CPU
		{3582E496-63BA-451B-BB06-D0369FAC17F1}.AppStore|iPhoneSimulator.ActiveCfg = Release|Any CPU
		{3582E496-63BA-451B-BB06-D0369FAC17F1}.AppStore|iPhoneSimulator.Build.0 = Release|Any CPU
		{3582E496-63BA-451B-BB06-D0369FAC17F1}.AppStore|iPhoneSimulator.Deploy.0 = Release|Any CPU
		{3582E496-63BA-451B-BB06-D0369FAC17F1}.Debug|Any CPU.ActiveCfg = Debug|Any CPU
		{3582E496-63BA-451B-BB06-D0369FAC17F1}.Debug|Any CPU.Build.0 = Debug|Any CPU
		{3582E496-63BA-451B-BB06-D0369FAC17F1}.Debug|Any CPU.Deploy.0 = Debug|Any CPU
		{3582E496-63BA-451B-BB06-D0369FAC17F1}.Debug|iPhone.ActiveCfg = Debug|Any CPU
		{3582E496-63BA-451B-BB06-D0369FAC17F1}.Debug|iPhone.Build.0 = Debug|Any CPU
		{3582E496-63BA-451B-BB06-D0369FAC17F1}.Debug|iPhone.Deploy.0 = Debug|Any CPU
		{3582E496-63BA-451B-BB06-D0369FAC17F1}.Debug|iPhoneSimulator.ActiveCfg = Debug|Any CPU
		{3582E496-63BA-451B-BB06-D0369FAC17F1}.Debug|iPhoneSimulator.Build.0 = Debug|Any CPU
		{3582E496-63BA-451B-BB06-D0369FAC17F1}.Debug|iPhoneSimulator.Deploy.0 = Debug|Any CPU
		{3582E496-63BA-451B-BB06-D0369FAC17F1}.Release|Any CPU.ActiveCfg = Release|Any CPU
		{3582E496-63BA-451B-BB06-D0369FAC17F1}.Release|Any CPU.Build.0 = Release|Any CPU
		{3582E496-63BA-451B-BB06-D0369FAC17F1}.Release|Any CPU.Deploy.0 = Release|Any CPU
		{3582E496-63BA-451B-BB06-D0369FAC17F1}.Release|iPhone.ActiveCfg = Release|Any CPU
		{3582E496-63BA-451B-BB06-D0369FAC17F1}.Release|iPhone.Build.0 = Release|Any CPU
		{3582E496-63BA-451B-BB06-D0369FAC17F1}.Release|iPhone.Deploy.0 = Release|Any CPU
		{3582E496-63BA-451B-BB06-D0369FAC17F1}.Release|iPhoneSimulator.ActiveCfg = Release|Any CPU
		{3582E496-63BA-451B-BB06-D0369FAC17F1}.Release|iPhoneSimulator.Build.0 = Release|Any CPU
		{3582E496-63BA-451B-BB06-D0369FAC17F1}.Release|iPhoneSimulator.Deploy.0 = Release|Any CPU
		{5C9F264C-2300-49CB-AD07-4E29F1B3373F}.Ad-Hoc|Any CPU.ActiveCfg = Ad-Hoc|iPhone
		{5C9F264C-2300-49CB-AD07-4E29F1B3373F}.Ad-Hoc|iPhone.ActiveCfg = Ad-Hoc|iPhone
		{5C9F264C-2300-49CB-AD07-4E29F1B3373F}.Ad-Hoc|iPhone.Build.0 = Ad-Hoc|iPhone
		{5C9F264C-2300-49CB-AD07-4E29F1B3373F}.Ad-Hoc|iPhoneSimulator.ActiveCfg = Ad-Hoc|iPhoneSimulator
		{5C9F264C-2300-49CB-AD07-4E29F1B3373F}.Ad-Hoc|iPhoneSimulator.Build.0 = Ad-Hoc|iPhoneSimulator
		{5C9F264C-2300-49CB-AD07-4E29F1B3373F}.AppStore|Any CPU.ActiveCfg = AppStore|iPhone
		{5C9F264C-2300-49CB-AD07-4E29F1B3373F}.AppStore|iPhone.ActiveCfg = AppStore|iPhone
		{5C9F264C-2300-49CB-AD07-4E29F1B3373F}.AppStore|iPhone.Build.0 = AppStore|iPhone
		{5C9F264C-2300-49CB-AD07-4E29F1B3373F}.AppStore|iPhoneSimulator.ActiveCfg = AppStore|iPhoneSimulator
		{5C9F264C-2300-49CB-AD07-4E29F1B3373F}.AppStore|iPhoneSimulator.Build.0 = AppStore|iPhoneSimulator
		{5C9F264C-2300-49CB-AD07-4E29F1B3373F}.Debug|Any CPU.ActiveCfg = Debug|iPhone
		{5C9F264C-2300-49CB-AD07-4E29F1B3373F}.Debug|iPhone.ActiveCfg = Debug|iPhone
		{5C9F264C-2300-49CB-AD07-4E29F1B3373F}.Debug|iPhone.Build.0 = Debug|iPhone
		{5C9F264C-2300-49CB-AD07-4E29F1B3373F}.Debug|iPhoneSimulator.ActiveCfg = Debug|iPhoneSimulator
		{5C9F264C-2300-49CB-AD07-4E29F1B3373F}.Debug|iPhoneSimulator.Build.0 = Debug|iPhoneSimulator
		{5C9F264C-2300-49CB-AD07-4E29F1B3373F}.Release|Any CPU.ActiveCfg = Release|iPhone
		{5C9F264C-2300-49CB-AD07-4E29F1B3373F}.Release|iPhone.ActiveCfg = Release|iPhone
		{5C9F264C-2300-49CB-AD07-4E29F1B3373F}.Release|iPhone.Build.0 = Release|iPhone
		{5C9F264C-2300-49CB-AD07-4E29F1B3373F}.Release|iPhoneSimulator.ActiveCfg = Release|iPhoneSimulator
		{5C9F264C-2300-49CB-AD07-4E29F1B3373F}.Release|iPhoneSimulator.Build.0 = Release|iPhoneSimulator
	EndGlobalSection
	GlobalSection(SolutionProperties) = preSolution
		HideSolutionNode = FALSE
	EndGlobalSection
	GlobalSection(NestedProjects) = preSolution
		{3B1498FF-550D-4012-A6BD-D1A95C0B6A76} = {B9AB808A-A19A-447B-B377-0402639448FD}
		{FCB9E072-4C7E-4360-86A7-7B33009DD0BA} = {B9AB808A-A19A-447B-B377-0402639448FD}
		{35DCAA59-FD38-4F0B-9AE8-F3F55070AB10} = {B9AB808A-A19A-447B-B377-0402639448FD}
		{9B96D29E-C798-4D42-9486-398EC501DD5B} = {B9AB808A-A19A-447B-B377-0402639448FD}
		{2527D1A9-71ED-47B1-9694-470880CA9DDB} = {9B96D29E-C798-4D42-9486-398EC501DD5B}
		{3CECCA40-CB59-4A3C-9577-EDBC42470B0E} = {9B96D29E-C798-4D42-9486-398EC501DD5B}
		{DEB21FEC-FF7A-4826-BD18-4FDEC0962643} = {9B96D29E-C798-4D42-9486-398EC501DD5B}
		{373F4F3E-251C-41E0-A613-6AD77B5507A1} = {B9AB808A-A19A-447B-B377-0402639448FD}
		{7259E47C-F90C-4A52-AD57-7D578535D633} = {3B1498FF-550D-4012-A6BD-D1A95C0B6A76}
		{93D410FD-209A-4B6B-B0B1-ABB301C6404F} = {3B1498FF-550D-4012-A6BD-D1A95C0B6A76}
		{AF3C93BB-8F4F-4F18-88E8-DDFA634AB8D6} = {3B1498FF-550D-4012-A6BD-D1A95C0B6A76}
		{C87110CD-1EF1-47D0-86F5-2301F335D053} = {3B1498FF-550D-4012-A6BD-D1A95C0B6A76}
		{C7567909-F6FB-4576-8A8F-DE29F680424C} = {3B1498FF-550D-4012-A6BD-D1A95C0B6A76}
		{7F510036-39EC-43BD-83A3-C07DDCB6FF83} = {3B1498FF-550D-4012-A6BD-D1A95C0B6A76}
		{D3606629-95BA-4A69-B314-FE83E1BE6C07} = {3B1498FF-550D-4012-A6BD-D1A95C0B6A76}
		{A063B8C0-3FDC-4355-805F-32FC8EB87CAD} = {3B1498FF-550D-4012-A6BD-D1A95C0B6A76}
		{72ED0AE4-A651-4E7F-8C52-61FD88D68E1F} = {3B1498FF-550D-4012-A6BD-D1A95C0B6A76}
		{449AC6C1-F6AA-4D2F-A3F8-FE168A571CDC} = {3B1498FF-550D-4012-A6BD-D1A95C0B6A76}
		{B99F3777-5F4F-41DE-83B7-F48BAE10AB17} = {373F4F3E-251C-41E0-A613-6AD77B5507A1}
		{B04A0415-2FB6-4615-A594-FC8E23C64914} = {373F4F3E-251C-41E0-A613-6AD77B5507A1}
		{6A20D9E4-D825-4529-9131-D1E0188C91C1} = {373F4F3E-251C-41E0-A613-6AD77B5507A1}
		{874058E5-83BC-4CC0-ACF2-AB91D632FE5D} = {373F4F3E-251C-41E0-A613-6AD77B5507A1}
		{B5D4B7AA-6139-49ED-8874-44AD8B124391} = {373F4F3E-251C-41E0-A613-6AD77B5507A1}
		{C62342B0-851A-4DE2-A651-159C72D7826C} = {373F4F3E-251C-41E0-A613-6AD77B5507A1}
		{DA100096-1357-465F-977C-39A372BC3CEB} = {373F4F3E-251C-41E0-A613-6AD77B5507A1}
		{3B1B0504-BF4C-45E3-8D05-A9DED84D6C29} = {373F4F3E-251C-41E0-A613-6AD77B5507A1}
		{EBBC67BD-89D4-4EDD-8A50-345389E8ECB9} = {373F4F3E-251C-41E0-A613-6AD77B5507A1}
		{09A3EA09-C374-4375-8C18-E5DEE8A10154} = {373F4F3E-251C-41E0-A613-6AD77B5507A1}
		{828CB980-3366-4184-AF85-A85F9067145D} = {35DCAA59-FD38-4F0B-9AE8-F3F55070AB10}
		{1711FE2F-6A91-431C-A04A-66D331217285} = {35DCAA59-FD38-4F0B-9AE8-F3F55070AB10}
		{BCD03D76-C2E1-40CF-BE81-1B23681F70E2} = {FCB9E072-4C7E-4360-86A7-7B33009DD0BA}
		{FFC36A41-43EA-42F1-9517-21976ECFD2B8} = {FCB9E072-4C7E-4360-86A7-7B33009DD0BA}
		{3D1FFAD0-BD50-4F1D-9823-94C98E15E265} = {FCB9E072-4C7E-4360-86A7-7B33009DD0BA}
		{788BD32C-8A7F-44BD-BFB4-1E06A86ED170} = {FCB9E072-4C7E-4360-86A7-7B33009DD0BA}
		{C5E5DD24-6AB9-40DB-B7F2-319333C94BFA} = {FCB9E072-4C7E-4360-86A7-7B33009DD0BA}
		{8824DEFB-342B-478D-80E6-63EDF28AA3EA} = {FCB9E072-4C7E-4360-86A7-7B33009DD0BA}
		{8DDE7893-937C-497D-AB82-31C80BB8C76D} = {FCB9E072-4C7E-4360-86A7-7B33009DD0BA}
		{AFCEB340-174B-48BA-9CA1-8B7410F2EEDE} = {FCB9E072-4C7E-4360-86A7-7B33009DD0BA}
		{929FEEB1-1A94-4F71-B53F-660AEDF54B1A} = {FCB9E072-4C7E-4360-86A7-7B33009DD0BA}
		{FFEBB6F8-792B-40C8-8652-ED7D5CFD6BE0} = {FCB9E072-4C7E-4360-86A7-7B33009DD0BA}
		{F39FEB61-5E04-429A-93D9-9FCEAE571E3D} = {FCB9E072-4C7E-4360-86A7-7B33009DD0BA}
		{184E3D0D-B646-4F72-B382-172A36272F87} = {DEB21FEC-FF7A-4826-BD18-4FDEC0962643}
		{937637FC-C0C1-4B2D-A200-6E0A6700B1AE} = {B9AB808A-A19A-447B-B377-0402639448FD}
		{D5FCC975-948E-44A8-AB5C-A1113F32AC45} = {BCD03D76-C2E1-40CF-BE81-1B23681F70E2}
		{78EE66E7-6F3E-43A1-813A-39970EAF6119} = {3CECCA40-CB59-4A3C-9577-EDBC42470B0E}
		{B0069D3A-364F-42C4-8E7B-6D93626822F3} = {3CECCA40-CB59-4A3C-9577-EDBC42470B0E}
		{719CF35E-C47B-4BE6-931D-84E10E2EE4E4} = {3CECCA40-CB59-4A3C-9577-EDBC42470B0E}
		{051B9918-D22D-4E2F-8A4A-F5A8E21E70A8} = {3CECCA40-CB59-4A3C-9577-EDBC42470B0E}
		{30217281-C4B4-4978-B313-C14E11108306} = {8824DEFB-342B-478D-80E6-63EDF28AA3EA}
		{7F827B0F-AEE0-4AD1-A92D-BC7A6E5DA90A} = {AF3C93BB-8F4F-4F18-88E8-DDFA634AB8D6}
		{027284C3-FC2F-42D5-ACBF-C084645B2F24} = {7259E47C-F90C-4A52-AD57-7D578535D633}
		{676B6A0C-15CB-4339-852B-98D8A921CD77} = {6A20D9E4-D825-4529-9131-D1E0188C91C1}
		{73C6185F-AA08-4903-8F7E-3A7EC49B7EC8} = {B99F3777-5F4F-41DE-83B7-F48BAE10AB17}
		{F6DEFBA5-FCF2-46E3-BA1F-EEDE14FCBC4B} = {3D1FFAD0-BD50-4F1D-9823-94C98E15E265}
		{91374B47-B944-441F-B88C-4474BACF5647} = {449AC6C1-F6AA-4D2F-A3F8-FE168A571CDC}
		{CD967F0C-4223-4DA6-A27A-AC49CAF57944} = {874058E5-83BC-4CC0-ACF2-AB91D632FE5D}
		{47504C62-32F9-4A4C-A789-D185D3C2D5D5} = {788BD32C-8A7F-44BD-BFB4-1E06A86ED170}
		{C7225CFF-3773-4029-9DD7-C7F45B1B02FE} = {3B1498FF-550D-4012-A6BD-D1A95C0B6A76}
		{2F905B89-1041-4475-A232-EE833B3E1EEB} = {C7225CFF-3773-4029-9DD7-C7F45B1B02FE}
		{F23A5215-FE2E-480C-AB2C-2D5F097C36C6} = {373F4F3E-251C-41E0-A613-6AD77B5507A1}
		{407D69D7-6E46-4B54-8C4B-5C098BD26AF5} = {F23A5215-FE2E-480C-AB2C-2D5F097C36C6}
		{7744E6FA-8D0C-446B-95CE-FB94BD50D865} = {09A3EA09-C374-4375-8C18-E5DEE8A10154}
		{8D528E18-3BCD-45AD-B796-5D305541A12F} = {72ED0AE4-A651-4E7F-8C52-61FD88D68E1F}
		{E8FC1C8E-952B-4487-BE74-E236ADE7AB4A} = {F39FEB61-5E04-429A-93D9-9FCEAE571E3D}
		{3F1A103D-3EF8-49CC-B581-7976AF073C1C} = {A063B8C0-3FDC-4355-805F-32FC8EB87CAD}
		{DCC6A19E-DC5B-43D5-99CE-827B2B9AB882} = {EBBC67BD-89D4-4EDD-8A50-345389E8ECB9}
		{790941F9-0A0C-41C9-843E-16F94E0E5F3E} = {2527D1A9-71ED-47B1-9694-470880CA9DDB}
		{D4DED53E-69AA-41EB-84A2-46C708698B32} = {828CB980-3366-4184-AF85-A85F9067145D}
		{3582E496-63BA-451B-BB06-D0369FAC17F1} = {1711FE2F-6A91-431C-A04A-66D331217285}
		{5C9F264C-2300-49CB-AD07-4E29F1B3373F} = {1711FE2F-6A91-431C-A04A-66D331217285}
	EndGlobalSection
	GlobalSection(ExtensibilityGlobals) = postSolution
		SolutionGuid = {D3A70DE0-2093-4F57-B7E1-F636EDCFB2E5}
	EndGlobalSection
EndGlobal
